// !$*UTF8*$!
{
	archiveVersion = 1;
	classes = {
	};
	objectVersion = 55;
	objects = {

/* Begin PBXBuildFile section */
		946D2DF527BB9A960055175C /* Tests_iOS.swift in Sources */ = {isa = PBXBuildFile; fileRef = 946D2DF427BB9A960055175C /* Tests_iOS.swift */; };
		946D2DF727BB9A960055175C /* Tests_iOSLaunchTests.swift in Sources */ = {isa = PBXBuildFile; fileRef = 946D2DF627BB9A960055175C /* Tests_iOSLaunchTests.swift */; };
		946D2E0127BB9A960055175C /* Tests_macOS.swift in Sources */ = {isa = PBXBuildFile; fileRef = 946D2E0027BB9A960055175C /* Tests_macOS.swift */; };
		946D2E0327BB9A960055175C /* Tests_macOSLaunchTests.swift in Sources */ = {isa = PBXBuildFile; fileRef = 946D2E0227BB9A960055175C /* Tests_macOSLaunchTests.swift */; };
		946D2E0427BB9A960055175C /* mee_ios_clientApp.swift in Sources */ = {isa = PBXBuildFile; fileRef = 946D2DDC27BB9A960055175C /* mee_ios_clientApp.swift */; };
		946D2E0527BB9A960055175C /* mee_ios_clientApp.swift in Sources */ = {isa = PBXBuildFile; fileRef = 946D2DDC27BB9A960055175C /* mee_ios_clientApp.swift */; };
		946D2E0627BB9A960055175C /* ContentView.swift in Sources */ = {isa = PBXBuildFile; fileRef = 946D2DDD27BB9A960055175C /* ContentView.swift */; };
		946D2E0727BB9A960055175C /* ContentView.swift in Sources */ = {isa = PBXBuildFile; fileRef = 946D2DDD27BB9A960055175C /* ContentView.swift */; };
		946D2E0827BB9A960055175C /* Assets.xcassets in Resources */ = {isa = PBXBuildFile; fileRef = 946D2DDE27BB9A960055175C /* Assets.xcassets */; };
		946D2E0927BB9A960055175C /* Assets.xcassets in Resources */ = {isa = PBXBuildFile; fileRef = 946D2DDE27BB9A960055175C /* Assets.xcassets */; };
		A550854727BD1C4600C5A2D1 /* PublicSans-SemiBold.ttf in Resources */ = {isa = PBXBuildFile; fileRef = A550853527BD1C4300C5A2D1 /* PublicSans-SemiBold.ttf */; };
		A550854827BD1C4600C5A2D1 /* PublicSans-SemiBold.ttf in Resources */ = {isa = PBXBuildFile; fileRef = A550853527BD1C4300C5A2D1 /* PublicSans-SemiBold.ttf */; };
		A550854927BD1C4600C5A2D1 /* PublicSans-SemiBoldItalic.ttf in Resources */ = {isa = PBXBuildFile; fileRef = A550853627BD1C4300C5A2D1 /* PublicSans-SemiBoldItalic.ttf */; };
		A550854A27BD1C4600C5A2D1 /* PublicSans-SemiBoldItalic.ttf in Resources */ = {isa = PBXBuildFile; fileRef = A550853627BD1C4300C5A2D1 /* PublicSans-SemiBoldItalic.ttf */; };
		A550854B27BD1C4600C5A2D1 /* PublicSans-Regular.ttf in Resources */ = {isa = PBXBuildFile; fileRef = A550853727BD1C4400C5A2D1 /* PublicSans-Regular.ttf */; };
		A550854C27BD1C4600C5A2D1 /* PublicSans-Regular.ttf in Resources */ = {isa = PBXBuildFile; fileRef = A550853727BD1C4400C5A2D1 /* PublicSans-Regular.ttf */; };
		A550854D27BD1C4600C5A2D1 /* PublicSans-Italic.ttf in Resources */ = {isa = PBXBuildFile; fileRef = A550853827BD1C4400C5A2D1 /* PublicSans-Italic.ttf */; };
		A550854E27BD1C4600C5A2D1 /* PublicSans-Italic.ttf in Resources */ = {isa = PBXBuildFile; fileRef = A550853827BD1C4400C5A2D1 /* PublicSans-Italic.ttf */; };
		A550854F27BD1C4600C5A2D1 /* PublicSans-ThinItalic.ttf in Resources */ = {isa = PBXBuildFile; fileRef = A550853927BD1C4400C5A2D1 /* PublicSans-ThinItalic.ttf */; };
		A550855027BD1C4600C5A2D1 /* PublicSans-ThinItalic.ttf in Resources */ = {isa = PBXBuildFile; fileRef = A550853927BD1C4400C5A2D1 /* PublicSans-ThinItalic.ttf */; };
		A550855127BD1C4600C5A2D1 /* PublicSans-ExtraBoldItalic.ttf in Resources */ = {isa = PBXBuildFile; fileRef = A550853A27BD1C4400C5A2D1 /* PublicSans-ExtraBoldItalic.ttf */; };
		A550855227BD1C4600C5A2D1 /* PublicSans-ExtraBoldItalic.ttf in Resources */ = {isa = PBXBuildFile; fileRef = A550853A27BD1C4400C5A2D1 /* PublicSans-ExtraBoldItalic.ttf */; };
		A550855327BD1C4600C5A2D1 /* PublicSans-ExtraBold.ttf in Resources */ = {isa = PBXBuildFile; fileRef = A550853B27BD1C4400C5A2D1 /* PublicSans-ExtraBold.ttf */; };
		A550855427BD1C4600C5A2D1 /* PublicSans-ExtraBold.ttf in Resources */ = {isa = PBXBuildFile; fileRef = A550853B27BD1C4400C5A2D1 /* PublicSans-ExtraBold.ttf */; };
		A550855527BD1C4600C5A2D1 /* PublicSans-Medium.ttf in Resources */ = {isa = PBXBuildFile; fileRef = A550853C27BD1C4500C5A2D1 /* PublicSans-Medium.ttf */; };
		A550855627BD1C4600C5A2D1 /* PublicSans-Medium.ttf in Resources */ = {isa = PBXBuildFile; fileRef = A550853C27BD1C4500C5A2D1 /* PublicSans-Medium.ttf */; };
		A550855727BD1C4600C5A2D1 /* PublicSans-LightItalic.ttf in Resources */ = {isa = PBXBuildFile; fileRef = A550853D27BD1C4500C5A2D1 /* PublicSans-LightItalic.ttf */; };
		A550855827BD1C4600C5A2D1 /* PublicSans-LightItalic.ttf in Resources */ = {isa = PBXBuildFile; fileRef = A550853D27BD1C4500C5A2D1 /* PublicSans-LightItalic.ttf */; };
		A550855927BD1C4600C5A2D1 /* PublicSans-ExtraLightItalic.ttf in Resources */ = {isa = PBXBuildFile; fileRef = A550853E27BD1C4500C5A2D1 /* PublicSans-ExtraLightItalic.ttf */; };
		A550855A27BD1C4600C5A2D1 /* PublicSans-ExtraLightItalic.ttf in Resources */ = {isa = PBXBuildFile; fileRef = A550853E27BD1C4500C5A2D1 /* PublicSans-ExtraLightItalic.ttf */; };
		A550855B27BD1C4600C5A2D1 /* PublicSans-Light.ttf in Resources */ = {isa = PBXBuildFile; fileRef = A550853F27BD1C4500C5A2D1 /* PublicSans-Light.ttf */; };
		A550855C27BD1C4600C5A2D1 /* PublicSans-Light.ttf in Resources */ = {isa = PBXBuildFile; fileRef = A550853F27BD1C4500C5A2D1 /* PublicSans-Light.ttf */; };
		A550855D27BD1C4600C5A2D1 /* PublicSans-BoldItalic.ttf in Resources */ = {isa = PBXBuildFile; fileRef = A550854027BD1C4500C5A2D1 /* PublicSans-BoldItalic.ttf */; };
		A550855E27BD1C4600C5A2D1 /* PublicSans-BoldItalic.ttf in Resources */ = {isa = PBXBuildFile; fileRef = A550854027BD1C4500C5A2D1 /* PublicSans-BoldItalic.ttf */; };
		A550855F27BD1C4600C5A2D1 /* PublicSans-Thin.ttf in Resources */ = {isa = PBXBuildFile; fileRef = A550854127BD1C4500C5A2D1 /* PublicSans-Thin.ttf */; };
		A550856027BD1C4600C5A2D1 /* PublicSans-Thin.ttf in Resources */ = {isa = PBXBuildFile; fileRef = A550854127BD1C4500C5A2D1 /* PublicSans-Thin.ttf */; };
		A550856127BD1C4600C5A2D1 /* PublicSans-BlackItalic.ttf in Resources */ = {isa = PBXBuildFile; fileRef = A550854227BD1C4500C5A2D1 /* PublicSans-BlackItalic.ttf */; };
		A550856227BD1C4600C5A2D1 /* PublicSans-BlackItalic.ttf in Resources */ = {isa = PBXBuildFile; fileRef = A550854227BD1C4500C5A2D1 /* PublicSans-BlackItalic.ttf */; };
		A550856327BD1C4600C5A2D1 /* PublicSans-Black.ttf in Resources */ = {isa = PBXBuildFile; fileRef = A550854327BD1C4500C5A2D1 /* PublicSans-Black.ttf */; };
		A550856427BD1C4600C5A2D1 /* PublicSans-Black.ttf in Resources */ = {isa = PBXBuildFile; fileRef = A550854327BD1C4500C5A2D1 /* PublicSans-Black.ttf */; };
		A550856527BD1C4600C5A2D1 /* PublicSans-ExtraLight.ttf in Resources */ = {isa = PBXBuildFile; fileRef = A550854427BD1C4500C5A2D1 /* PublicSans-ExtraLight.ttf */; };
		A550856627BD1C4600C5A2D1 /* PublicSans-ExtraLight.ttf in Resources */ = {isa = PBXBuildFile; fileRef = A550854427BD1C4500C5A2D1 /* PublicSans-ExtraLight.ttf */; };
		A550856727BD1C4600C5A2D1 /* PublicSans-Bold.ttf in Resources */ = {isa = PBXBuildFile; fileRef = A550854527BD1C4500C5A2D1 /* PublicSans-Bold.ttf */; };
		A550856827BD1C4600C5A2D1 /* PublicSans-Bold.ttf in Resources */ = {isa = PBXBuildFile; fileRef = A550854527BD1C4500C5A2D1 /* PublicSans-Bold.ttf */; };
		A550856927BD1C4600C5A2D1 /* PublicSans-MediumItalic.ttf in Resources */ = {isa = PBXBuildFile; fileRef = A550854627BD1C4600C5A2D1 /* PublicSans-MediumItalic.ttf */; };
		A550856A27BD1C4600C5A2D1 /* PublicSans-MediumItalic.ttf in Resources */ = {isa = PBXBuildFile; fileRef = A550854627BD1C4600C5A2D1 /* PublicSans-MediumItalic.ttf */; };
		A550857027BD2E3700C5A2D1 /* fontHelpers.swift in Sources */ = {isa = PBXBuildFile; fileRef = A550856F27BD2E3700C5A2D1 /* fontHelpers.swift */; };
		A550857127BD2E3700C5A2D1 /* fontHelpers.swift in Sources */ = {isa = PBXBuildFile; fileRef = A550856F27BD2E3700C5A2D1 /* fontHelpers.swift */; };
		A550857327BD473B00C5A2D1 /* ConsentPage.swift in Sources */ = {isa = PBXBuildFile; fileRef = A550857227BD473B00C5A2D1 /* ConsentPage.swift */; };
		A550857427BD473B00C5A2D1 /* ConsentPage.swift in Sources */ = {isa = PBXBuildFile; fileRef = A550857227BD473B00C5A2D1 /* ConsentPage.swift */; };
		A550858027BD550000C5A2D1 /* Themes.swift in Sources */ = {isa = PBXBuildFile; fileRef = A550857F27BD550000C5A2D1 /* Themes.swift */; };
		A550858127BD550000C5A2D1 /* Themes.swift in Sources */ = {isa = PBXBuildFile; fileRef = A550857F27BD550000C5A2D1 /* Themes.swift */; };
		A550858627BE3B1400C5A2D1 /* Line.swift in Sources */ = {isa = PBXBuildFile; fileRef = A550858527BE3B1400C5A2D1 /* Line.swift */; };
		A550858727BE3B1400C5A2D1 /* Line.swift in Sources */ = {isa = PBXBuildFile; fileRef = A550858527BE3B1400C5A2D1 /* Line.swift */; };
		A550858927BE46CE00C5A2D1 /* ConsentEntry.swift in Sources */ = {isa = PBXBuildFile; fileRef = A550858827BE46CE00C5A2D1 /* ConsentEntry.swift */; };
		A550858A27BE46CE00C5A2D1 /* ConsentEntry.swift in Sources */ = {isa = PBXBuildFile; fileRef = A550858827BE46CE00C5A2D1 /* ConsentEntry.swift */; };
		A550858C27BE4A7200C5A2D1 /* ConsentEntryModel.swift in Sources */ = {isa = PBXBuildFile; fileRef = A550858B27BE4A7200C5A2D1 /* ConsentEntryModel.swift */; };
		A550858D27BE4A7200C5A2D1 /* ConsentEntryModel.swift in Sources */ = {isa = PBXBuildFile; fileRef = A550858B27BE4A7200C5A2D1 /* ConsentEntryModel.swift */; };
/* End PBXBuildFile section */

/* Begin PBXContainerItemProxy section */
		946D2DF127BB9A960055175C /* PBXContainerItemProxy */ = {
			isa = PBXContainerItemProxy;
			containerPortal = 946D2DD727BB9A950055175C /* Project object */;
			proxyType = 1;
			remoteGlobalIDString = 946D2DE227BB9A960055175C;
			remoteInfo = "mee-ios-client (iOS)";
		};
		946D2DFD27BB9A960055175C /* PBXContainerItemProxy */ = {
			isa = PBXContainerItemProxy;
			containerPortal = 946D2DD727BB9A950055175C /* Project object */;
			proxyType = 1;
			remoteGlobalIDString = 946D2DE827BB9A960055175C;
			remoteInfo = "mee-ios-client (macOS)";
		};
/* End PBXContainerItemProxy section */

/* Begin PBXFileReference section */
		946D2DDC27BB9A960055175C /* mee_ios_clientApp.swift */ = {isa = PBXFileReference; lastKnownFileType = sourcecode.swift; path = mee_ios_clientApp.swift; sourceTree = "<group>"; };
		946D2DDD27BB9A960055175C /* ContentView.swift */ = {isa = PBXFileReference; lastKnownFileType = sourcecode.swift; path = ContentView.swift; sourceTree = "<group>"; };
		946D2DDE27BB9A960055175C /* Assets.xcassets */ = {isa = PBXFileReference; lastKnownFileType = folder.assetcatalog; path = Assets.xcassets; sourceTree = "<group>"; };
		946D2DE327BB9A960055175C /* mee-ios-client.app */ = {isa = PBXFileReference; explicitFileType = wrapper.application; includeInIndex = 0; path = "mee-ios-client.app"; sourceTree = BUILT_PRODUCTS_DIR; };
		946D2DE927BB9A960055175C /* mee-ios-client.app */ = {isa = PBXFileReference; explicitFileType = wrapper.application; includeInIndex = 0; path = "mee-ios-client.app"; sourceTree = BUILT_PRODUCTS_DIR; };
		946D2DEB27BB9A960055175C /* macOS.entitlements */ = {isa = PBXFileReference; lastKnownFileType = text.plist.entitlements; path = macOS.entitlements; sourceTree = "<group>"; };
		946D2DF027BB9A960055175C /* Tests iOS.xctest */ = {isa = PBXFileReference; explicitFileType = wrapper.cfbundle; includeInIndex = 0; path = "Tests iOS.xctest"; sourceTree = BUILT_PRODUCTS_DIR; };
		946D2DF427BB9A960055175C /* Tests_iOS.swift */ = {isa = PBXFileReference; lastKnownFileType = sourcecode.swift; path = Tests_iOS.swift; sourceTree = "<group>"; };
		946D2DF627BB9A960055175C /* Tests_iOSLaunchTests.swift */ = {isa = PBXFileReference; lastKnownFileType = sourcecode.swift; path = Tests_iOSLaunchTests.swift; sourceTree = "<group>"; };
		946D2DFC27BB9A960055175C /* Tests macOS.xctest */ = {isa = PBXFileReference; explicitFileType = wrapper.cfbundle; includeInIndex = 0; path = "Tests macOS.xctest"; sourceTree = BUILT_PRODUCTS_DIR; };
		946D2E0027BB9A960055175C /* Tests_macOS.swift */ = {isa = PBXFileReference; lastKnownFileType = sourcecode.swift; path = Tests_macOS.swift; sourceTree = "<group>"; };
		946D2E0227BB9A960055175C /* Tests_macOSLaunchTests.swift */ = {isa = PBXFileReference; lastKnownFileType = sourcecode.swift; path = Tests_macOSLaunchTests.swift; sourceTree = "<group>"; };
		A550853527BD1C4300C5A2D1 /* PublicSans-SemiBold.ttf */ = {isa = PBXFileReference; lastKnownFileType = file; path = "PublicSans-SemiBold.ttf"; sourceTree = "<group>"; };
		A550853627BD1C4300C5A2D1 /* PublicSans-SemiBoldItalic.ttf */ = {isa = PBXFileReference; lastKnownFileType = file; path = "PublicSans-SemiBoldItalic.ttf"; sourceTree = "<group>"; };
		A550853727BD1C4400C5A2D1 /* PublicSans-Regular.ttf */ = {isa = PBXFileReference; lastKnownFileType = file; path = "PublicSans-Regular.ttf"; sourceTree = "<group>"; };
		A550853827BD1C4400C5A2D1 /* PublicSans-Italic.ttf */ = {isa = PBXFileReference; lastKnownFileType = file; path = "PublicSans-Italic.ttf"; sourceTree = "<group>"; };
		A550853927BD1C4400C5A2D1 /* PublicSans-ThinItalic.ttf */ = {isa = PBXFileReference; lastKnownFileType = file; path = "PublicSans-ThinItalic.ttf"; sourceTree = "<group>"; };
		A550853A27BD1C4400C5A2D1 /* PublicSans-ExtraBoldItalic.ttf */ = {isa = PBXFileReference; lastKnownFileType = file; path = "PublicSans-ExtraBoldItalic.ttf"; sourceTree = "<group>"; };
		A550853B27BD1C4400C5A2D1 /* PublicSans-ExtraBold.ttf */ = {isa = PBXFileReference; lastKnownFileType = file; path = "PublicSans-ExtraBold.ttf"; sourceTree = "<group>"; };
		A550853C27BD1C4500C5A2D1 /* PublicSans-Medium.ttf */ = {isa = PBXFileReference; lastKnownFileType = file; path = "PublicSans-Medium.ttf"; sourceTree = "<group>"; };
		A550853D27BD1C4500C5A2D1 /* PublicSans-LightItalic.ttf */ = {isa = PBXFileReference; lastKnownFileType = file; path = "PublicSans-LightItalic.ttf"; sourceTree = "<group>"; };
		A550853E27BD1C4500C5A2D1 /* PublicSans-ExtraLightItalic.ttf */ = {isa = PBXFileReference; lastKnownFileType = file; path = "PublicSans-ExtraLightItalic.ttf"; sourceTree = "<group>"; };
		A550853F27BD1C4500C5A2D1 /* PublicSans-Light.ttf */ = {isa = PBXFileReference; lastKnownFileType = file; path = "PublicSans-Light.ttf"; sourceTree = "<group>"; };
		A550854027BD1C4500C5A2D1 /* PublicSans-BoldItalic.ttf */ = {isa = PBXFileReference; lastKnownFileType = file; path = "PublicSans-BoldItalic.ttf"; sourceTree = "<group>"; };
		A550854127BD1C4500C5A2D1 /* PublicSans-Thin.ttf */ = {isa = PBXFileReference; lastKnownFileType = file; path = "PublicSans-Thin.ttf"; sourceTree = "<group>"; };
		A550854227BD1C4500C5A2D1 /* PublicSans-BlackItalic.ttf */ = {isa = PBXFileReference; lastKnownFileType = file; path = "PublicSans-BlackItalic.ttf"; sourceTree = "<group>"; };
		A550854327BD1C4500C5A2D1 /* PublicSans-Black.ttf */ = {isa = PBXFileReference; lastKnownFileType = file; path = "PublicSans-Black.ttf"; sourceTree = "<group>"; };
		A550854427BD1C4500C5A2D1 /* PublicSans-ExtraLight.ttf */ = {isa = PBXFileReference; lastKnownFileType = file; path = "PublicSans-ExtraLight.ttf"; sourceTree = "<group>"; };
		A550854527BD1C4500C5A2D1 /* PublicSans-Bold.ttf */ = {isa = PBXFileReference; lastKnownFileType = file; path = "PublicSans-Bold.ttf"; sourceTree = "<group>"; };
		A550854627BD1C4600C5A2D1 /* PublicSans-MediumItalic.ttf */ = {isa = PBXFileReference; lastKnownFileType = file; path = "PublicSans-MediumItalic.ttf"; sourceTree = "<group>"; };
		A550856C27BD243500C5A2D1 /* mee-ios-client--iOS--Info.plist */ = {isa = PBXFileReference; lastKnownFileType = text.plist; path = "mee-ios-client--iOS--Info.plist"; sourceTree = "<group>"; };
		A550856F27BD2E3700C5A2D1 /* fontHelpers.swift */ = {isa = PBXFileReference; lastKnownFileType = sourcecode.swift; path = fontHelpers.swift; sourceTree = "<group>"; };
		A550857227BD473B00C5A2D1 /* ConsentPage.swift */ = {isa = PBXFileReference; lastKnownFileType = sourcecode.swift; path = ConsentPage.swift; sourceTree = "<group>"; };
		A550857F27BD550000C5A2D1 /* Themes.swift */ = {isa = PBXFileReference; lastKnownFileType = sourcecode.swift; path = Themes.swift; sourceTree = "<group>"; };
		A550858527BE3B1400C5A2D1 /* Line.swift */ = {isa = PBXFileReference; lastKnownFileType = sourcecode.swift; path = Line.swift; sourceTree = "<group>"; };
		A550858827BE46CE00C5A2D1 /* ConsentEntry.swift */ = {isa = PBXFileReference; lastKnownFileType = sourcecode.swift; path = ConsentEntry.swift; sourceTree = "<group>"; };
		A550858B27BE4A7200C5A2D1 /* ConsentEntryModel.swift */ = {isa = PBXFileReference; lastKnownFileType = sourcecode.swift; path = ConsentEntryModel.swift; sourceTree = "<group>"; };
/* End PBXFileReference section */

/* Begin PBXFrameworksBuildPhase section */
		946D2DE027BB9A960055175C /* Frameworks */ = {
			isa = PBXFrameworksBuildPhase;
			buildActionMask = 2147483647;
			files = (
			);
			runOnlyForDeploymentPostprocessing = 0;
		};
		946D2DE627BB9A960055175C /* Frameworks */ = {
			isa = PBXFrameworksBuildPhase;
			buildActionMask = 2147483647;
			files = (
			);
			runOnlyForDeploymentPostprocessing = 0;
		};
		946D2DED27BB9A960055175C /* Frameworks */ = {
			isa = PBXFrameworksBuildPhase;
			buildActionMask = 2147483647;
			files = (
			);
			runOnlyForDeploymentPostprocessing = 0;
		};
		946D2DF927BB9A960055175C /* Frameworks */ = {
			isa = PBXFrameworksBuildPhase;
			buildActionMask = 2147483647;
			files = (
			);
			runOnlyForDeploymentPostprocessing = 0;
		};
/* End PBXFrameworksBuildPhase section */

/* Begin PBXGroup section */
		946D2DD627BB9A950055175C = {
			isa = PBXGroup;
			children = (
				A550856C27BD243500C5A2D1 /* mee-ios-client--iOS--Info.plist */,
				A550856B27BD1C4E00C5A2D1 /* ios */,
				946D2DDB27BB9A960055175C /* Shared */,
				946D2DEA27BB9A960055175C /* macOS */,
				946D2DF327BB9A960055175C /* Tests iOS */,
				946D2DFF27BB9A960055175C /* Tests macOS */,
				946D2DE427BB9A960055175C /* Products */,
			);
			sourceTree = "<group>";
		};
		946D2DDB27BB9A960055175C /* Shared */ = {
			isa = PBXGroup;
			children = (
				A550856E27BD2E1400C5A2D1 /* helpers */,
				A550853427BD1A8E00C5A2D1 /* extensions */,
				A550853227BD196D00C5A2D1 /* assets */,
				A550853127BD195F00C5A2D1 /* pages */,
				A550853027BD18CD00C5A2D1 /* model */,
				A550852F27BD18C200C5A2D1 /* components */,
				946D2DDC27BB9A960055175C /* mee_ios_clientApp.swift */,
				946D2DDD27BB9A960055175C /* ContentView.swift */,
				946D2DDE27BB9A960055175C /* Assets.xcassets */,
			);
			path = Shared;
			sourceTree = "<group>";
		};
		946D2DE427BB9A960055175C /* Products */ = {
			isa = PBXGroup;
			children = (
				946D2DE327BB9A960055175C /* mee-ios-client.app */,
				946D2DE927BB9A960055175C /* mee-ios-client.app */,
				946D2DF027BB9A960055175C /* Tests iOS.xctest */,
				946D2DFC27BB9A960055175C /* Tests macOS.xctest */,
			);
			name = Products;
			sourceTree = "<group>";
		};
		946D2DEA27BB9A960055175C /* macOS */ = {
			isa = PBXGroup;
			children = (
				946D2DEB27BB9A960055175C /* macOS.entitlements */,
			);
			path = macOS;
			sourceTree = "<group>";
		};
		946D2DF327BB9A960055175C /* Tests iOS */ = {
			isa = PBXGroup;
			children = (
				946D2DF427BB9A960055175C /* Tests_iOS.swift */,
				946D2DF627BB9A960055175C /* Tests_iOSLaunchTests.swift */,
			);
			path = "Tests iOS";
			sourceTree = "<group>";
		};
		946D2DFF27BB9A960055175C /* Tests macOS */ = {
			isa = PBXGroup;
			children = (
				946D2E0027BB9A960055175C /* Tests_macOS.swift */,
				946D2E0227BB9A960055175C /* Tests_macOSLaunchTests.swift */,
			);
			path = "Tests macOS";
			sourceTree = "<group>";
		};
		A550852F27BD18C200C5A2D1 /* components */ = {
			isa = PBXGroup;
			children = (
				A550857F27BD550000C5A2D1 /* Themes.swift */,
				A550858527BE3B1400C5A2D1 /* Line.swift */,
				A550858827BE46CE00C5A2D1 /* ConsentEntry.swift */,
			);
			path = components;
			sourceTree = "<group>";
		};
		A550853027BD18CD00C5A2D1 /* model */ = {
			isa = PBXGroup;
			children = (
				A550858B27BE4A7200C5A2D1 /* ConsentEntryModel.swift */,
			);
			path = model;
			sourceTree = "<group>";
		};
		A550853127BD195F00C5A2D1 /* pages */ = {
			isa = PBXGroup;
			children = (
				A550857227BD473B00C5A2D1 /* ConsentPage.swift */,
			);
			path = pages;
			sourceTree = "<group>";
		};
		A550853227BD196D00C5A2D1 /* assets */ = {
			isa = PBXGroup;
			children = (
				A550853327BD1A8400C5A2D1 /* fonts */,
			);
			path = assets;
			sourceTree = "<group>";
		};
		A550853327BD1A8400C5A2D1 /* fonts */ = {
			isa = PBXGroup;
			children = (
				A550856D27BD2CB600C5A2D1 /* publicSans */,
			);
			path = fonts;
			sourceTree = "<group>";
		};
		A550853427BD1A8E00C5A2D1 /* extensions */ = {
			isa = PBXGroup;
			children = (
			);
			path = extensions;
			sourceTree = "<group>";
		};
		A550856B27BD1C4E00C5A2D1 /* ios */ = {
			isa = PBXGroup;
			children = (
			);
			path = ios;
			sourceTree = "<group>";
		};
		A550856D27BD2CB600C5A2D1 /* publicSans */ = {
			isa = PBXGroup;
			children = (
				A550854327BD1C4500C5A2D1 /* PublicSans-Black.ttf */,
				A550854227BD1C4500C5A2D1 /* PublicSans-BlackItalic.ttf */,
				A550854527BD1C4500C5A2D1 /* PublicSans-Bold.ttf */,
				A550854027BD1C4500C5A2D1 /* PublicSans-BoldItalic.ttf */,
				A550853B27BD1C4400C5A2D1 /* PublicSans-ExtraBold.ttf */,
				A550853A27BD1C4400C5A2D1 /* PublicSans-ExtraBoldItalic.ttf */,
				A550854427BD1C4500C5A2D1 /* PublicSans-ExtraLight.ttf */,
				A550853E27BD1C4500C5A2D1 /* PublicSans-ExtraLightItalic.ttf */,
				A550853827BD1C4400C5A2D1 /* PublicSans-Italic.ttf */,
				A550853F27BD1C4500C5A2D1 /* PublicSans-Light.ttf */,
				A550853D27BD1C4500C5A2D1 /* PublicSans-LightItalic.ttf */,
				A550853C27BD1C4500C5A2D1 /* PublicSans-Medium.ttf */,
				A550854627BD1C4600C5A2D1 /* PublicSans-MediumItalic.ttf */,
				A550853727BD1C4400C5A2D1 /* PublicSans-Regular.ttf */,
				A550853527BD1C4300C5A2D1 /* PublicSans-SemiBold.ttf */,
				A550853627BD1C4300C5A2D1 /* PublicSans-SemiBoldItalic.ttf */,
				A550854127BD1C4500C5A2D1 /* PublicSans-Thin.ttf */,
				A550853927BD1C4400C5A2D1 /* PublicSans-ThinItalic.ttf */,
			);
			path = publicSans;
			sourceTree = "<group>";
		};
		A550856E27BD2E1400C5A2D1 /* helpers */ = {
			isa = PBXGroup;
			children = (
				A550856F27BD2E3700C5A2D1 /* fontHelpers.swift */,
			);
			path = helpers;
			sourceTree = "<group>";
		};
/* End PBXGroup section */

/* Begin PBXNativeTarget section */
		946D2DE227BB9A960055175C /* mee-ios-client (iOS) */ = {
			isa = PBXNativeTarget;
			buildConfigurationList = 946D2E0C27BB9A960055175C /* Build configuration list for PBXNativeTarget "mee-ios-client (iOS)" */;
			buildPhases = (
				946D2DDF27BB9A960055175C /* Sources */,
				946D2DE027BB9A960055175C /* Frameworks */,
				946D2DE127BB9A960055175C /* Resources */,
			);
			buildRules = (
			);
			dependencies = (
			);
			name = "mee-ios-client (iOS)";
			productName = "mee-ios-client (iOS)";
			productReference = 946D2DE327BB9A960055175C /* mee-ios-client.app */;
			productType = "com.apple.product-type.application";
		};
		946D2DE827BB9A960055175C /* mee-ios-client (macOS) */ = {
			isa = PBXNativeTarget;
			buildConfigurationList = 946D2E0F27BB9A960055175C /* Build configuration list for PBXNativeTarget "mee-ios-client (macOS)" */;
			buildPhases = (
				946D2DE527BB9A960055175C /* Sources */,
				946D2DE627BB9A960055175C /* Frameworks */,
				946D2DE727BB9A960055175C /* Resources */,
			);
			buildRules = (
			);
			dependencies = (
			);
			name = "mee-ios-client (macOS)";
			productName = "mee-ios-client (macOS)";
			productReference = 946D2DE927BB9A960055175C /* mee-ios-client.app */;
			productType = "com.apple.product-type.application";
		};
		946D2DEF27BB9A960055175C /* Tests iOS */ = {
			isa = PBXNativeTarget;
			buildConfigurationList = 946D2E1227BB9A960055175C /* Build configuration list for PBXNativeTarget "Tests iOS" */;
			buildPhases = (
				946D2DEC27BB9A960055175C /* Sources */,
				946D2DED27BB9A960055175C /* Frameworks */,
				946D2DEE27BB9A960055175C /* Resources */,
			);
			buildRules = (
			);
			dependencies = (
				946D2DF227BB9A960055175C /* PBXTargetDependency */,
			);
			name = "Tests iOS";
			productName = "Tests iOS";
			productReference = 946D2DF027BB9A960055175C /* Tests iOS.xctest */;
			productType = "com.apple.product-type.bundle.ui-testing";
		};
		946D2DFB27BB9A960055175C /* Tests macOS */ = {
			isa = PBXNativeTarget;
			buildConfigurationList = 946D2E1527BB9A960055175C /* Build configuration list for PBXNativeTarget "Tests macOS" */;
			buildPhases = (
				946D2DF827BB9A960055175C /* Sources */,
				946D2DF927BB9A960055175C /* Frameworks */,
				946D2DFA27BB9A960055175C /* Resources */,
			);
			buildRules = (
			);
			dependencies = (
				946D2DFE27BB9A960055175C /* PBXTargetDependency */,
			);
			name = "Tests macOS";
			productName = "Tests macOS";
			productReference = 946D2DFC27BB9A960055175C /* Tests macOS.xctest */;
			productType = "com.apple.product-type.bundle.ui-testing";
		};
/* End PBXNativeTarget section */

/* Begin PBXProject section */
		946D2DD727BB9A950055175C /* Project object */ = {
			isa = PBXProject;
			attributes = {
				BuildIndependentTargetsInParallel = 1;
				LastSwiftUpdateCheck = 1310;
				LastUpgradeCheck = 1310;
				TargetAttributes = {
					946D2DE227BB9A960055175C = {
						CreatedOnToolsVersion = 13.1;
					};
					946D2DE827BB9A960055175C = {
						CreatedOnToolsVersion = 13.1;
					};
					946D2DEF27BB9A960055175C = {
						CreatedOnToolsVersion = 13.1;
						TestTargetID = 946D2DE227BB9A960055175C;
					};
					946D2DFB27BB9A960055175C = {
						CreatedOnToolsVersion = 13.1;
						TestTargetID = 946D2DE827BB9A960055175C;
					};
				};
			};
			buildConfigurationList = 946D2DDA27BB9A950055175C /* Build configuration list for PBXProject "mee-ios-client" */;
			compatibilityVersion = "Xcode 13.0";
			developmentRegion = en;
			hasScannedForEncodings = 0;
			knownRegions = (
				en,
				Base,
			);
			mainGroup = 946D2DD627BB9A950055175C;
			productRefGroup = 946D2DE427BB9A960055175C /* Products */;
			projectDirPath = "";
			projectRoot = "";
			targets = (
				946D2DE227BB9A960055175C /* mee-ios-client (iOS) */,
				946D2DE827BB9A960055175C /* mee-ios-client (macOS) */,
				946D2DEF27BB9A960055175C /* Tests iOS */,
				946D2DFB27BB9A960055175C /* Tests macOS */,
			);
		};
/* End PBXProject section */

/* Begin PBXResourcesBuildPhase section */
		946D2DE127BB9A960055175C /* Resources */ = {
			isa = PBXResourcesBuildPhase;
			buildActionMask = 2147483647;
			files = (
				946D2E0827BB9A960055175C /* Assets.xcassets in Resources */,
				A550854B27BD1C4600C5A2D1 /* PublicSans-Regular.ttf in Resources */,
				A550855327BD1C4600C5A2D1 /* PublicSans-ExtraBold.ttf in Resources */,
				A550855527BD1C4600C5A2D1 /* PublicSans-Medium.ttf in Resources */,
				A550854D27BD1C4600C5A2D1 /* PublicSans-Italic.ttf in Resources */,
				A550856727BD1C4600C5A2D1 /* PublicSans-Bold.ttf in Resources */,
				A550855F27BD1C4600C5A2D1 /* PublicSans-Thin.ttf in Resources */,
				A550855B27BD1C4600C5A2D1 /* PublicSans-Light.ttf in Resources */,
				A550855927BD1C4600C5A2D1 /* PublicSans-ExtraLightItalic.ttf in Resources */,
				A550855127BD1C4600C5A2D1 /* PublicSans-ExtraBoldItalic.ttf in Resources */,
				A550854727BD1C4600C5A2D1 /* PublicSans-SemiBold.ttf in Resources */,
				A550856527BD1C4600C5A2D1 /* PublicSans-ExtraLight.ttf in Resources */,
				A550854927BD1C4600C5A2D1 /* PublicSans-SemiBoldItalic.ttf in Resources */,
				A550856927BD1C4600C5A2D1 /* PublicSans-MediumItalic.ttf in Resources */,
				A550854F27BD1C4600C5A2D1 /* PublicSans-ThinItalic.ttf in Resources */,
				A550855D27BD1C4600C5A2D1 /* PublicSans-BoldItalic.ttf in Resources */,
				A550856127BD1C4600C5A2D1 /* PublicSans-BlackItalic.ttf in Resources */,
				A550856327BD1C4600C5A2D1 /* PublicSans-Black.ttf in Resources */,
				A550855727BD1C4600C5A2D1 /* PublicSans-LightItalic.ttf in Resources */,
			);
			runOnlyForDeploymentPostprocessing = 0;
		};
		946D2DE727BB9A960055175C /* Resources */ = {
			isa = PBXResourcesBuildPhase;
			buildActionMask = 2147483647;
			files = (
				946D2E0927BB9A960055175C /* Assets.xcassets in Resources */,
				A550854C27BD1C4600C5A2D1 /* PublicSans-Regular.ttf in Resources */,
				A550855427BD1C4600C5A2D1 /* PublicSans-ExtraBold.ttf in Resources */,
				A550855627BD1C4600C5A2D1 /* PublicSans-Medium.ttf in Resources */,
				A550854E27BD1C4600C5A2D1 /* PublicSans-Italic.ttf in Resources */,
				A550856827BD1C4600C5A2D1 /* PublicSans-Bold.ttf in Resources */,
				A550856027BD1C4600C5A2D1 /* PublicSans-Thin.ttf in Resources */,
				A550855C27BD1C4600C5A2D1 /* PublicSans-Light.ttf in Resources */,
				A550855A27BD1C4600C5A2D1 /* PublicSans-ExtraLightItalic.ttf in Resources */,
				A550855227BD1C4600C5A2D1 /* PublicSans-ExtraBoldItalic.ttf in Resources */,
				A550854827BD1C4600C5A2D1 /* PublicSans-SemiBold.ttf in Resources */,
				A550856627BD1C4600C5A2D1 /* PublicSans-ExtraLight.ttf in Resources */,
				A550854A27BD1C4600C5A2D1 /* PublicSans-SemiBoldItalic.ttf in Resources */,
				A550856A27BD1C4600C5A2D1 /* PublicSans-MediumItalic.ttf in Resources */,
				A550855027BD1C4600C5A2D1 /* PublicSans-ThinItalic.ttf in Resources */,
				A550855E27BD1C4600C5A2D1 /* PublicSans-BoldItalic.ttf in Resources */,
				A550856227BD1C4600C5A2D1 /* PublicSans-BlackItalic.ttf in Resources */,
				A550856427BD1C4600C5A2D1 /* PublicSans-Black.ttf in Resources */,
				A550855827BD1C4600C5A2D1 /* PublicSans-LightItalic.ttf in Resources */,
			);
			runOnlyForDeploymentPostprocessing = 0;
		};
		946D2DEE27BB9A960055175C /* Resources */ = {
			isa = PBXResourcesBuildPhase;
			buildActionMask = 2147483647;
			files = (
			);
			runOnlyForDeploymentPostprocessing = 0;
		};
		946D2DFA27BB9A960055175C /* Resources */ = {
			isa = PBXResourcesBuildPhase;
			buildActionMask = 2147483647;
			files = (
			);
			runOnlyForDeploymentPostprocessing = 0;
		};
/* End PBXResourcesBuildPhase section */

/* Begin PBXSourcesBuildPhase section */
		946D2DDF27BB9A960055175C /* Sources */ = {
			isa = PBXSourcesBuildPhase;
			buildActionMask = 2147483647;
			files = (
				A550857027BD2E3700C5A2D1 /* fontHelpers.swift in Sources */,
				A550858027BD550000C5A2D1 /* Themes.swift in Sources */,
				946D2E0627BB9A960055175C /* ContentView.swift in Sources */,
				A550858C27BE4A7200C5A2D1 /* ConsentEntryModel.swift in Sources */,
				A550858627BE3B1400C5A2D1 /* Line.swift in Sources */,
				A550858927BE46CE00C5A2D1 /* ConsentEntry.swift in Sources */,
				946D2E0427BB9A960055175C /* mee_ios_clientApp.swift in Sources */,
				A550857327BD473B00C5A2D1 /* ConsentPage.swift in Sources */,
			);
			runOnlyForDeploymentPostprocessing = 0;
		};
		946D2DE527BB9A960055175C /* Sources */ = {
			isa = PBXSourcesBuildPhase;
			buildActionMask = 2147483647;
			files = (
				A550857127BD2E3700C5A2D1 /* fontHelpers.swift in Sources */,
				A550858127BD550000C5A2D1 /* Themes.swift in Sources */,
				946D2E0727BB9A960055175C /* ContentView.swift in Sources */,
				A550858D27BE4A7200C5A2D1 /* ConsentEntryModel.swift in Sources */,
				A550858727BE3B1400C5A2D1 /* Line.swift in Sources */,
				A550858A27BE46CE00C5A2D1 /* ConsentEntry.swift in Sources */,
				946D2E0527BB9A960055175C /* mee_ios_clientApp.swift in Sources */,
				A550857427BD473B00C5A2D1 /* ConsentPage.swift in Sources */,
			);
			runOnlyForDeploymentPostprocessing = 0;
		};
		946D2DEC27BB9A960055175C /* Sources */ = {
			isa = PBXSourcesBuildPhase;
			buildActionMask = 2147483647;
			files = (
				946D2DF727BB9A960055175C /* Tests_iOSLaunchTests.swift in Sources */,
				946D2DF527BB9A960055175C /* Tests_iOS.swift in Sources */,
			);
			runOnlyForDeploymentPostprocessing = 0;
		};
		946D2DF827BB9A960055175C /* Sources */ = {
			isa = PBXSourcesBuildPhase;
			buildActionMask = 2147483647;
			files = (
				946D2E0327BB9A960055175C /* Tests_macOSLaunchTests.swift in Sources */,
				946D2E0127BB9A960055175C /* Tests_macOS.swift in Sources */,
			);
			runOnlyForDeploymentPostprocessing = 0;
		};
/* End PBXSourcesBuildPhase section */

/* Begin PBXTargetDependency section */
		946D2DF227BB9A960055175C /* PBXTargetDependency */ = {
			isa = PBXTargetDependency;
			target = 946D2DE227BB9A960055175C /* mee-ios-client (iOS) */;
			targetProxy = 946D2DF127BB9A960055175C /* PBXContainerItemProxy */;
		};
		946D2DFE27BB9A960055175C /* PBXTargetDependency */ = {
			isa = PBXTargetDependency;
			target = 946D2DE827BB9A960055175C /* mee-ios-client (macOS) */;
			targetProxy = 946D2DFD27BB9A960055175C /* PBXContainerItemProxy */;
		};
/* End PBXTargetDependency section */

/* Begin XCBuildConfiguration section */
		946D2E0A27BB9A960055175C /* Debug */ = {
			isa = XCBuildConfiguration;
			buildSettings = {
				ALWAYS_SEARCH_USER_PATHS = NO;
				CLANG_ANALYZER_NONNULL = YES;
				CLANG_ANALYZER_NUMBER_OBJECT_CONVERSION = YES_AGGRESSIVE;
				CLANG_CXX_LANGUAGE_STANDARD = "gnu++17";
				CLANG_CXX_LIBRARY = "libc++";
				CLANG_ENABLE_MODULES = YES;
				CLANG_ENABLE_OBJC_ARC = YES;
				CLANG_ENABLE_OBJC_WEAK = YES;
				CLANG_WARN_BLOCK_CAPTURE_AUTORELEASING = YES;
				CLANG_WARN_BOOL_CONVERSION = YES;
				CLANG_WARN_COMMA = YES;
				CLANG_WARN_CONSTANT_CONVERSION = YES;
				CLANG_WARN_DEPRECATED_OBJC_IMPLEMENTATIONS = YES;
				CLANG_WARN_DIRECT_OBJC_ISA_USAGE = YES_ERROR;
				CLANG_WARN_DOCUMENTATION_COMMENTS = YES;
				CLANG_WARN_EMPTY_BODY = YES;
				CLANG_WARN_ENUM_CONVERSION = YES;
				CLANG_WARN_INFINITE_RECURSION = YES;
				CLANG_WARN_INT_CONVERSION = YES;
				CLANG_WARN_NON_LITERAL_NULL_CONVERSION = YES;
				CLANG_WARN_OBJC_IMPLICIT_RETAIN_SELF = YES;
				CLANG_WARN_OBJC_LITERAL_CONVERSION = YES;
				CLANG_WARN_OBJC_ROOT_CLASS = YES_ERROR;
				CLANG_WARN_QUOTED_INCLUDE_IN_FRAMEWORK_HEADER = YES;
				CLANG_WARN_RANGE_LOOP_ANALYSIS = YES;
				CLANG_WARN_STRICT_PROTOTYPES = YES;
				CLANG_WARN_SUSPICIOUS_MOVE = YES;
				CLANG_WARN_UNGUARDED_AVAILABILITY = YES_AGGRESSIVE;
				CLANG_WARN_UNREACHABLE_CODE = YES;
				CLANG_WARN__DUPLICATE_METHOD_MATCH = YES;
				COPY_PHASE_STRIP = NO;
				DEBUG_INFORMATION_FORMAT = dwarf;
				ENABLE_STRICT_OBJC_MSGSEND = YES;
				ENABLE_TESTABILITY = YES;
				GCC_C_LANGUAGE_STANDARD = gnu11;
				GCC_DYNAMIC_NO_PIC = NO;
				GCC_NO_COMMON_BLOCKS = YES;
				GCC_OPTIMIZATION_LEVEL = 0;
				GCC_PREPROCESSOR_DEFINITIONS = (
					"DEBUG=1",
					"$(inherited)",
				);
				GCC_WARN_64_TO_32_BIT_CONVERSION = YES;
				GCC_WARN_ABOUT_RETURN_TYPE = YES_ERROR;
				GCC_WARN_UNDECLARED_SELECTOR = YES;
				GCC_WARN_UNINITIALIZED_AUTOS = YES_AGGRESSIVE;
				GCC_WARN_UNUSED_FUNCTION = YES;
				GCC_WARN_UNUSED_VARIABLE = YES;
				MTL_ENABLE_DEBUG_INFO = INCLUDE_SOURCE;
				MTL_FAST_MATH = YES;
				ONLY_ACTIVE_ARCH = YES;
				SWIFT_ACTIVE_COMPILATION_CONDITIONS = DEBUG;
				SWIFT_OPTIMIZATION_LEVEL = "-Onone";
			};
			name = Debug;
		};
		946D2E0B27BB9A960055175C /* Release */ = {
			isa = XCBuildConfiguration;
			buildSettings = {
				ALWAYS_SEARCH_USER_PATHS = NO;
				CLANG_ANALYZER_NONNULL = YES;
				CLANG_ANALYZER_NUMBER_OBJECT_CONVERSION = YES_AGGRESSIVE;
				CLANG_CXX_LANGUAGE_STANDARD = "gnu++17";
				CLANG_CXX_LIBRARY = "libc++";
				CLANG_ENABLE_MODULES = YES;
				CLANG_ENABLE_OBJC_ARC = YES;
				CLANG_ENABLE_OBJC_WEAK = YES;
				CLANG_WARN_BLOCK_CAPTURE_AUTORELEASING = YES;
				CLANG_WARN_BOOL_CONVERSION = YES;
				CLANG_WARN_COMMA = YES;
				CLANG_WARN_CONSTANT_CONVERSION = YES;
				CLANG_WARN_DEPRECATED_OBJC_IMPLEMENTATIONS = YES;
				CLANG_WARN_DIRECT_OBJC_ISA_USAGE = YES_ERROR;
				CLANG_WARN_DOCUMENTATION_COMMENTS = YES;
				CLANG_WARN_EMPTY_BODY = YES;
				CLANG_WARN_ENUM_CONVERSION = YES;
				CLANG_WARN_INFINITE_RECURSION = YES;
				CLANG_WARN_INT_CONVERSION = YES;
				CLANG_WARN_NON_LITERAL_NULL_CONVERSION = YES;
				CLANG_WARN_OBJC_IMPLICIT_RETAIN_SELF = YES;
				CLANG_WARN_OBJC_LITERAL_CONVERSION = YES;
				CLANG_WARN_OBJC_ROOT_CLASS = YES_ERROR;
				CLANG_WARN_QUOTED_INCLUDE_IN_FRAMEWORK_HEADER = YES;
				CLANG_WARN_RANGE_LOOP_ANALYSIS = YES;
				CLANG_WARN_STRICT_PROTOTYPES = YES;
				CLANG_WARN_SUSPICIOUS_MOVE = YES;
				CLANG_WARN_UNGUARDED_AVAILABILITY = YES_AGGRESSIVE;
				CLANG_WARN_UNREACHABLE_CODE = YES;
				CLANG_WARN__DUPLICATE_METHOD_MATCH = YES;
				COPY_PHASE_STRIP = NO;
				DEBUG_INFORMATION_FORMAT = "dwarf-with-dsym";
				ENABLE_NS_ASSERTIONS = NO;
				ENABLE_STRICT_OBJC_MSGSEND = YES;
				GCC_C_LANGUAGE_STANDARD = gnu11;
				GCC_NO_COMMON_BLOCKS = YES;
				GCC_WARN_64_TO_32_BIT_CONVERSION = YES;
				GCC_WARN_ABOUT_RETURN_TYPE = YES_ERROR;
				GCC_WARN_UNDECLARED_SELECTOR = YES;
				GCC_WARN_UNINITIALIZED_AUTOS = YES_AGGRESSIVE;
				GCC_WARN_UNUSED_FUNCTION = YES;
				GCC_WARN_UNUSED_VARIABLE = YES;
				MTL_ENABLE_DEBUG_INFO = NO;
				MTL_FAST_MATH = YES;
				SWIFT_COMPILATION_MODE = wholemodule;
				SWIFT_OPTIMIZATION_LEVEL = "-O";
			};
			name = Release;
		};
		946D2E0D27BB9A960055175C /* Debug */ = {
			isa = XCBuildConfiguration;
			buildSettings = {
				ASSETCATALOG_COMPILER_APPICON_NAME = AppIcon;
				ASSETCATALOG_COMPILER_GLOBAL_ACCENT_COLOR_NAME = AccentColor;
				CODE_SIGN_STYLE = Automatic;
				CURRENT_PROJECT_VERSION = 1;
				DEVELOPMENT_TEAM = 4UGU9PNWK8;
				ENABLE_PREVIEWS = YES;
				GENERATE_INFOPLIST_FILE = YES;
				INFOPLIST_FILE = "mee-ios-client--iOS--Info.plist";
				INFOPLIST_KEY_UIApplicationSceneManifest_Generation = YES;
				INFOPLIST_KEY_UIApplicationSupportsIndirectInputEvents = YES;
				INFOPLIST_KEY_UILaunchScreen_Generation = YES;
				INFOPLIST_KEY_UISupportedInterfaceOrientations_iPad = "UIInterfaceOrientationPortrait UIInterfaceOrientationPortraitUpsideDown UIInterfaceOrientationLandscapeLeft UIInterfaceOrientationLandscapeRight";
				INFOPLIST_KEY_UISupportedInterfaceOrientations_iPhone = "UIInterfaceOrientationPortrait UIInterfaceOrientationLandscapeLeft UIInterfaceOrientationLandscapeRight";
				IPHONEOS_DEPLOYMENT_TARGET = 15.0;
				LD_RUNPATH_SEARCH_PATHS = (
					"$(inherited)",
					"@executable_path/Frameworks",
				);
				MARKETING_VERSION = 1.0;
				PRODUCT_BUNDLE_IDENTIFIER = "com.privo.mee-ios-client";
				PRODUCT_NAME = "mee-ios-client";
				SDKROOT = iphoneos;
				SWIFT_EMIT_LOC_STRINGS = YES;
				SWIFT_VERSION = 5.0;
				TARGETED_DEVICE_FAMILY = "1,2";
			};
			name = Debug;
		};
		946D2E0E27BB9A960055175C /* Release */ = {
			isa = XCBuildConfiguration;
			buildSettings = {
				ASSETCATALOG_COMPILER_APPICON_NAME = AppIcon;
				ASSETCATALOG_COMPILER_GLOBAL_ACCENT_COLOR_NAME = AccentColor;
				CODE_SIGN_STYLE = Automatic;
				CURRENT_PROJECT_VERSION = 1;
				DEVELOPMENT_TEAM = 4UGU9PNWK8;
				ENABLE_PREVIEWS = YES;
				GENERATE_INFOPLIST_FILE = YES;
				INFOPLIST_FILE = "mee-ios-client--iOS--Info.plist";
				INFOPLIST_KEY_UIApplicationSceneManifest_Generation = YES;
				INFOPLIST_KEY_UIApplicationSupportsIndirectInputEvents = YES;
				INFOPLIST_KEY_UILaunchScreen_Generation = YES;
				INFOPLIST_KEY_UISupportedInterfaceOrientations_iPad = "UIInterfaceOrientationPortrait UIInterfaceOrientationPortraitUpsideDown UIInterfaceOrientationLandscapeLeft UIInterfaceOrientationLandscapeRight";
				INFOPLIST_KEY_UISupportedInterfaceOrientations_iPhone = "UIInterfaceOrientationPortrait UIInterfaceOrientationLandscapeLeft UIInterfaceOrientationLandscapeRight";
				IPHONEOS_DEPLOYMENT_TARGET = 15.0;
				LD_RUNPATH_SEARCH_PATHS = (
					"$(inherited)",
					"@executable_path/Frameworks",
				);
				MARKETING_VERSION = 1.0;
				PRODUCT_BUNDLE_IDENTIFIER = "com.privo.mee-ios-client";
				PRODUCT_NAME = "mee-ios-client";
				SDKROOT = iphoneos;
				SWIFT_EMIT_LOC_STRINGS = YES;
				SWIFT_VERSION = 5.0;
				TARGETED_DEVICE_FAMILY = "1,2";
				VALIDATE_PRODUCT = YES;
			};
			name = Release;
		};
		946D2E1027BB9A960055175C /* Debug */ = {
			isa = XCBuildConfiguration;
			buildSettings = {
				ASSETCATALOG_COMPILER_APPICON_NAME = AppIcon;
				ASSETCATALOG_COMPILER_GLOBAL_ACCENT_COLOR_NAME = AccentColor;
				CODE_SIGN_ENTITLEMENTS = macOS/macOS.entitlements;
				CODE_SIGN_STYLE = Automatic;
				COMBINE_HIDPI_IMAGES = YES;
				CURRENT_PROJECT_VERSION = 1;
				DEVELOPMENT_TEAM = 4UGU9PNWK8;
				ENABLE_HARDENED_RUNTIME = YES;
				ENABLE_PREVIEWS = YES;
				GENERATE_INFOPLIST_FILE = YES;
				INFOPLIST_KEY_NSHumanReadableCopyright = "";
				LD_RUNPATH_SEARCH_PATHS = (
					"$(inherited)",
					"@executable_path/../Frameworks",
				);
				MACOSX_DEPLOYMENT_TARGET = 12.0;
				MARKETING_VERSION = 1.0;
				PRODUCT_BUNDLE_IDENTIFIER = "com.privo.mee-ios-client";
				PRODUCT_NAME = "mee-ios-client";
				SDKROOT = macosx;
				SWIFT_EMIT_LOC_STRINGS = YES;
				SWIFT_VERSION = 5.0;
			};
			name = Debug;
		};
		946D2E1127BB9A960055175C /* Release */ = {
			isa = XCBuildConfiguration;
			buildSettings = {
				ASSETCATALOG_COMPILER_APPICON_NAME = AppIcon;
				ASSETCATALOG_COMPILER_GLOBAL_ACCENT_COLOR_NAME = AccentColor;
				CODE_SIGN_ENTITLEMENTS = macOS/macOS.entitlements;
				CODE_SIGN_STYLE = Automatic;
				COMBINE_HIDPI_IMAGES = YES;
				CURRENT_PROJECT_VERSION = 1;
				DEVELOPMENT_TEAM = 4UGU9PNWK8;
				ENABLE_HARDENED_RUNTIME = YES;
				ENABLE_PREVIEWS = YES;
				GENERATE_INFOPLIST_FILE = YES;
				INFOPLIST_KEY_NSHumanReadableCopyright = "";
				LD_RUNPATH_SEARCH_PATHS = (
					"$(inherited)",
					"@executable_path/../Frameworks",
				);
				MACOSX_DEPLOYMENT_TARGET = 12.0;
				MARKETING_VERSION = 1.0;
				PRODUCT_BUNDLE_IDENTIFIER = "com.privo.mee-ios-client";
				PRODUCT_NAME = "mee-ios-client";
				SDKROOT = macosx;
				SWIFT_EMIT_LOC_STRINGS = YES;
				SWIFT_VERSION = 5.0;
			};
			name = Release;
		};
		946D2E1327BB9A960055175C /* Debug */ = {
			isa = XCBuildConfiguration;
			buildSettings = {
				ALWAYS_EMBED_SWIFT_STANDARD_LIBRARIES = YES;
				CODE_SIGN_STYLE = Automatic;
				CURRENT_PROJECT_VERSION = 1;
				DEVELOPMENT_TEAM = 4UGU9PNWK8;
				GENERATE_INFOPLIST_FILE = YES;
				IPHONEOS_DEPLOYMENT_TARGET = 15.0;
				LD_RUNPATH_SEARCH_PATHS = (
					"$(inherited)",
					"@executable_path/Frameworks",
					"@loader_path/Frameworks",
				);
				MARKETING_VERSION = 1.0;
				PRODUCT_BUNDLE_IDENTIFIER = "com.privo.Tests-iOS";
				PRODUCT_NAME = "$(TARGET_NAME)";
				SDKROOT = iphoneos;
				SWIFT_EMIT_LOC_STRINGS = NO;
				SWIFT_VERSION = 5.0;
				TARGETED_DEVICE_FAMILY = "1,2";
				TEST_TARGET_NAME = "mee-ios-client (iOS)";
			};
			name = Debug;
		};
		946D2E1427BB9A960055175C /* Release */ = {
			isa = XCBuildConfiguration;
			buildSettings = {
				ALWAYS_EMBED_SWIFT_STANDARD_LIBRARIES = YES;
				CODE_SIGN_STYLE = Automatic;
				CURRENT_PROJECT_VERSION = 1;
				DEVELOPMENT_TEAM = 4UGU9PNWK8;
				GENERATE_INFOPLIST_FILE = YES;
				IPHONEOS_DEPLOYMENT_TARGET = 15.0;
				LD_RUNPATH_SEARCH_PATHS = (
					"$(inherited)",
					"@executable_path/Frameworks",
					"@loader_path/Frameworks",
				);
				MARKETING_VERSION = 1.0;
				PRODUCT_BUNDLE_IDENTIFIER = "com.privo.Tests-iOS";
				PRODUCT_NAME = "$(TARGET_NAME)";
				SDKROOT = iphoneos;
				SWIFT_EMIT_LOC_STRINGS = NO;
				SWIFT_VERSION = 5.0;
				TARGETED_DEVICE_FAMILY = "1,2";
				TEST_TARGET_NAME = "mee-ios-client (iOS)";
				VALIDATE_PRODUCT = YES;
			};
			name = Release;
		};
		946D2E1627BB9A960055175C /* Debug */ = {
			isa = XCBuildConfiguration;
			buildSettings = {
				ALWAYS_EMBED_SWIFT_STANDARD_LIBRARIES = YES;
				CODE_SIGN_STYLE = Automatic;
				COMBINE_HIDPI_IMAGES = YES;
				CURRENT_PROJECT_VERSION = 1;
				DEVELOPMENT_TEAM = 4UGU9PNWK8;
				GENERATE_INFOPLIST_FILE = YES;
				LD_RUNPATH_SEARCH_PATHS = (
					"$(inherited)",
					"@executable_path/../Frameworks",
					"@loader_path/../Frameworks",
				);
				MACOSX_DEPLOYMENT_TARGET = 12.0;
				MARKETING_VERSION = 1.0;
				PRODUCT_BUNDLE_IDENTIFIER = "com.privo.Tests-macOS";
				PRODUCT_NAME = "$(TARGET_NAME)";
				SDKROOT = macosx;
				SWIFT_EMIT_LOC_STRINGS = NO;
				SWIFT_VERSION = 5.0;
				TEST_TARGET_NAME = "mee-ios-client (macOS)";
			};
			name = Debug;
		};
		946D2E1727BB9A960055175C /* Release */ = {
			isa = XCBuildConfiguration;
			buildSettings = {
				ALWAYS_EMBED_SWIFT_STANDARD_LIBRARIES = YES;
				CODE_SIGN_STYLE = Automatic;
				COMBINE_HIDPI_IMAGES = YES;
				CURRENT_PROJECT_VERSION = 1;
				DEVELOPMENT_TEAM = 4UGU9PNWK8;
				GENERATE_INFOPLIST_FILE = YES;
				LD_RUNPATH_SEARCH_PATHS = (
					"$(inherited)",
					"@executable_path/../Frameworks",
					"@loader_path/../Frameworks",
				);
				MACOSX_DEPLOYMENT_TARGET = 12.0;
				MARKETING_VERSION = 1.0;
				PRODUCT_BUNDLE_IDENTIFIER = "com.privo.Tests-macOS";
				PRODUCT_NAME = "$(TARGET_NAME)";
				SDKROOT = macosx;
				SWIFT_EMIT_LOC_STRINGS = NO;
				SWIFT_VERSION = 5.0;
				TEST_TARGET_NAME = "mee-ios-client (macOS)";
			};
			name = Release;
		};
/* End XCBuildConfiguration section */

/* Begin XCConfigurationList section */
		946D2DDA27BB9A950055175C /* Build configuration list for PBXProject "mee-ios-client" */ = {
			isa = XCConfigurationList;
			buildConfigurations = (
				946D2E0A27BB9A960055175C /* Debug */,
				946D2E0B27BB9A960055175C /* Release */,
			);
			defaultConfigurationIsVisible = 0;
			defaultConfigurationName = Release;
		};
		946D2E0C27BB9A960055175C /* Build configuration list for PBXNativeTarget "mee-ios-client (iOS)" */ = {
			isa = XCConfigurationList;
			buildConfigurations = (
				946D2E0D27BB9A960055175C /* Debug */,
				946D2E0E27BB9A960055175C /* Release */,
			);
			defaultConfigurationIsVisible = 0;
			defaultConfigurationName = Release;
		};
		946D2E0F27BB9A960055175C /* Build configuration list for PBXNativeTarget "mee-ios-client (macOS)" */ = {
			isa = XCConfigurationList;
			buildConfigurations = (
				946D2E1027BB9A960055175C /* Debug */,
				946D2E1127BB9A960055175C /* Release */,
			);
			defaultConfigurationIsVisible = 0;
			defaultConfigurationName = Release;
		};
		946D2E1227BB9A960055175C /* Build configuration list for PBXNativeTarget "Tests iOS" */ = {
			isa = XCConfigurationList;
			buildConfigurations = (
				946D2E1327BB9A960055175C /* Debug */,
				946D2E1427BB9A960055175C /* Release */,
			);
			defaultConfigurationIsVisible = 0;
			defaultConfigurationName = Release;
		};
		946D2E1527BB9A960055175C /* Build configuration list for PBXNativeTarget "Tests macOS" */ = {
			isa = XCConfigurationList;
			buildConfigurations = (
				946D2E1627BB9A960055175C /* Debug */,
				946D2E1727BB9A960055175C /* Release */,
			);
			defaultConfigurationIsVisible = 0;
			defaultConfigurationName = Release;
		};
/* End XCConfigurationList section */
	};
	rootObject = 946D2DD727BB9A950055175C /* Project object */;
}
