// !$*UTF8*$!
{
	archiveVersion = 1;
	classes = {
	};
	objectVersion = 55;
	objects = {

/* Begin PBXBuildFile section */
		946D2DF527BB9A960055175C /* Tests_iOS.swift in Sources */ = {isa = PBXBuildFile; fileRef = 946D2DF427BB9A960055175C /* Tests_iOS.swift */; };
		946D2DF727BB9A960055175C /* Tests_iOSLaunchTests.swift in Sources */ = {isa = PBXBuildFile; fileRef = 946D2DF627BB9A960055175C /* Tests_iOSLaunchTests.swift */; };
		946D2E0127BB9A960055175C /* Tests_macOS.swift in Sources */ = {isa = PBXBuildFile; fileRef = 946D2E0027BB9A960055175C /* Tests_macOS.swift */; };
		946D2E0327BB9A960055175C /* Tests_macOSLaunchTests.swift in Sources */ = {isa = PBXBuildFile; fileRef = 946D2E0227BB9A960055175C /* Tests_macOSLaunchTests.swift */; };
		946D2E0427BB9A960055175C /* mee_ios_clientApp.swift in Sources */ = {isa = PBXBuildFile; fileRef = 946D2DDC27BB9A960055175C /* mee_ios_clientApp.swift */; };
		946D2E0527BB9A960055175C /* mee_ios_clientApp.swift in Sources */ = {isa = PBXBuildFile; fileRef = 946D2DDC27BB9A960055175C /* mee_ios_clientApp.swift */; };
		946D2E0627BB9A960055175C /* ContentView.swift in Sources */ = {isa = PBXBuildFile; fileRef = 946D2DDD27BB9A960055175C /* ContentView.swift */; };
		946D2E0727BB9A960055175C /* ContentView.swift in Sources */ = {isa = PBXBuildFile; fileRef = 946D2DDD27BB9A960055175C /* ContentView.swift */; };
		946D2E0827BB9A960055175C /* Assets.xcassets in Resources */ = {isa = PBXBuildFile; fileRef = 946D2DDE27BB9A960055175C /* Assets.xcassets */; };
		946D2E0927BB9A960055175C /* Assets.xcassets in Resources */ = {isa = PBXBuildFile; fileRef = 946D2DDE27BB9A960055175C /* Assets.xcassets */; };
		948AD54827BF8E0A00A98D88 /* SafariWebExtensionHandler.swift in Sources */ = {isa = PBXBuildFile; fileRef = 948AD54727BF8E0A00A98D88 /* SafariWebExtensionHandler.swift */; };
		948AD54B27BF8E0A00A98D88 /* _locales in Resources */ = {isa = PBXBuildFile; fileRef = 948AD54A27BF8E0A00A98D88 /* _locales */; };
		948AD54D27BF8E0A00A98D88 /* images in Resources */ = {isa = PBXBuildFile; fileRef = 948AD54C27BF8E0A00A98D88 /* images */; };
		948AD54F27BF8E0A00A98D88 /* manifest.json in Resources */ = {isa = PBXBuildFile; fileRef = 948AD54E27BF8E0A00A98D88 /* manifest.json */; };
		948AD55127BF8E0A00A98D88 /* background.js in Resources */ = {isa = PBXBuildFile; fileRef = 948AD55027BF8E0A00A98D88 /* background.js */; };
		948AD55327BF8E0A00A98D88 /* content.js in Resources */ = {isa = PBXBuildFile; fileRef = 948AD55227BF8E0A00A98D88 /* content.js */; };
		948AD55527BF8E0A00A98D88 /* popup.html in Resources */ = {isa = PBXBuildFile; fileRef = 948AD55427BF8E0A00A98D88 /* popup.html */; };
		948AD55727BF8E0A00A98D88 /* popup.css in Resources */ = {isa = PBXBuildFile; fileRef = 948AD55627BF8E0A00A98D88 /* popup.css */; };
		948AD55927BF8E0A00A98D88 /* popup.js in Resources */ = {isa = PBXBuildFile; fileRef = 948AD55827BF8E0A00A98D88 /* popup.js */; };
		948AD55D27BF8E0A00A98D88 /* Mee Safari Extension.appex in Embed App Extensions */ = {isa = PBXBuildFile; fileRef = 948AD54527BF8E0A00A98D88 /* Mee Safari Extension.appex */; settings = {ATTRIBUTES = (RemoveHeadersOnCopy, ); }; };
		A53F79C727D647B400A62589 /* validation.swift in Sources */ = {isa = PBXBuildFile; fileRef = A53F79C627D647B400A62589 /* validation.swift */; };
		A53F79C827D647B400A62589 /* validation.swift in Sources */ = {isa = PBXBuildFile; fileRef = A53F79C627D647B400A62589 /* validation.swift */; };
		A53F79CD27DA1BBC00A62589 /* optionalBinding.swift in Sources */ = {isa = PBXBuildFile; fileRef = A53F79CC27DA1BBC00A62589 /* optionalBinding.swift */; };
		A53F79CE27DA1BBC00A62589 /* optionalBinding.swift in Sources */ = {isa = PBXBuildFile; fileRef = A53F79CC27DA1BBC00A62589 /* optionalBinding.swift */; };
		A53F79D027DA2DFC00A62589 /* ConsentState.swift in Sources */ = {isa = PBXBuildFile; fileRef = A53F79CF27DA2DFC00A62589 /* ConsentState.swift */; };
		A53F79D127DA2DFC00A62589 /* ConsentState.swift in Sources */ = {isa = PBXBuildFile; fileRef = A53F79CF27DA2DFC00A62589 /* ConsentState.swift */; };
		A53F79D327E08B9D00A62589 /* MainViewPage.swift in Sources */ = {isa = PBXBuildFile; fileRef = A53F79D227E08B9D00A62589 /* MainViewPage.swift */; };
		A53F79D427E08B9D00A62589 /* MainViewPage.swift in Sources */ = {isa = PBXBuildFile; fileRef = A53F79D227E08B9D00A62589 /* MainViewPage.swift */; };
		A53F79D627E0D56800A62589 /* PasswordManagerPage.swift in Sources */ = {isa = PBXBuildFile; fileRef = A53F79D527E0D56800A62589 /* PasswordManagerPage.swift */; };
		A53F79D727E0D56800A62589 /* PasswordManagerPage.swift in Sources */ = {isa = PBXBuildFile; fileRef = A53F79D527E0D56800A62589 /* PasswordManagerPage.swift */; };
		A550854727BD1C4600C5A2D1 /* PublicSans-SemiBold.ttf in Resources */ = {isa = PBXBuildFile; fileRef = A550853527BD1C4300C5A2D1 /* PublicSans-SemiBold.ttf */; };
		A550854827BD1C4600C5A2D1 /* PublicSans-SemiBold.ttf in Resources */ = {isa = PBXBuildFile; fileRef = A550853527BD1C4300C5A2D1 /* PublicSans-SemiBold.ttf */; };
		A550854927BD1C4600C5A2D1 /* PublicSans-SemiBoldItalic.ttf in Resources */ = {isa = PBXBuildFile; fileRef = A550853627BD1C4300C5A2D1 /* PublicSans-SemiBoldItalic.ttf */; };
		A550854A27BD1C4600C5A2D1 /* PublicSans-SemiBoldItalic.ttf in Resources */ = {isa = PBXBuildFile; fileRef = A550853627BD1C4300C5A2D1 /* PublicSans-SemiBoldItalic.ttf */; };
		A550854B27BD1C4600C5A2D1 /* PublicSans-Regular.ttf in Resources */ = {isa = PBXBuildFile; fileRef = A550853727BD1C4400C5A2D1 /* PublicSans-Regular.ttf */; };
		A550854C27BD1C4600C5A2D1 /* PublicSans-Regular.ttf in Resources */ = {isa = PBXBuildFile; fileRef = A550853727BD1C4400C5A2D1 /* PublicSans-Regular.ttf */; };
		A550854D27BD1C4600C5A2D1 /* PublicSans-Italic.ttf in Resources */ = {isa = PBXBuildFile; fileRef = A550853827BD1C4400C5A2D1 /* PublicSans-Italic.ttf */; };
		A550854E27BD1C4600C5A2D1 /* PublicSans-Italic.ttf in Resources */ = {isa = PBXBuildFile; fileRef = A550853827BD1C4400C5A2D1 /* PublicSans-Italic.ttf */; };
		A550854F27BD1C4600C5A2D1 /* PublicSans-ThinItalic.ttf in Resources */ = {isa = PBXBuildFile; fileRef = A550853927BD1C4400C5A2D1 /* PublicSans-ThinItalic.ttf */; };
		A550855027BD1C4600C5A2D1 /* PublicSans-ThinItalic.ttf in Resources */ = {isa = PBXBuildFile; fileRef = A550853927BD1C4400C5A2D1 /* PublicSans-ThinItalic.ttf */; };
		A550855127BD1C4600C5A2D1 /* PublicSans-ExtraBoldItalic.ttf in Resources */ = {isa = PBXBuildFile; fileRef = A550853A27BD1C4400C5A2D1 /* PublicSans-ExtraBoldItalic.ttf */; };
		A550855227BD1C4600C5A2D1 /* PublicSans-ExtraBoldItalic.ttf in Resources */ = {isa = PBXBuildFile; fileRef = A550853A27BD1C4400C5A2D1 /* PublicSans-ExtraBoldItalic.ttf */; };
		A550855327BD1C4600C5A2D1 /* PublicSans-ExtraBold.ttf in Resources */ = {isa = PBXBuildFile; fileRef = A550853B27BD1C4400C5A2D1 /* PublicSans-ExtraBold.ttf */; };
		A550855427BD1C4600C5A2D1 /* PublicSans-ExtraBold.ttf in Resources */ = {isa = PBXBuildFile; fileRef = A550853B27BD1C4400C5A2D1 /* PublicSans-ExtraBold.ttf */; };
		A550855527BD1C4600C5A2D1 /* PublicSans-Medium.ttf in Resources */ = {isa = PBXBuildFile; fileRef = A550853C27BD1C4500C5A2D1 /* PublicSans-Medium.ttf */; };
		A550855627BD1C4600C5A2D1 /* PublicSans-Medium.ttf in Resources */ = {isa = PBXBuildFile; fileRef = A550853C27BD1C4500C5A2D1 /* PublicSans-Medium.ttf */; };
		A550855727BD1C4600C5A2D1 /* PublicSans-LightItalic.ttf in Resources */ = {isa = PBXBuildFile; fileRef = A550853D27BD1C4500C5A2D1 /* PublicSans-LightItalic.ttf */; };
		A550855827BD1C4600C5A2D1 /* PublicSans-LightItalic.ttf in Resources */ = {isa = PBXBuildFile; fileRef = A550853D27BD1C4500C5A2D1 /* PublicSans-LightItalic.ttf */; };
		A550855927BD1C4600C5A2D1 /* PublicSans-ExtraLightItalic.ttf in Resources */ = {isa = PBXBuildFile; fileRef = A550853E27BD1C4500C5A2D1 /* PublicSans-ExtraLightItalic.ttf */; };
		A550855A27BD1C4600C5A2D1 /* PublicSans-ExtraLightItalic.ttf in Resources */ = {isa = PBXBuildFile; fileRef = A550853E27BD1C4500C5A2D1 /* PublicSans-ExtraLightItalic.ttf */; };
		A550855B27BD1C4600C5A2D1 /* PublicSans-Light.ttf in Resources */ = {isa = PBXBuildFile; fileRef = A550853F27BD1C4500C5A2D1 /* PublicSans-Light.ttf */; };
		A550855C27BD1C4600C5A2D1 /* PublicSans-Light.ttf in Resources */ = {isa = PBXBuildFile; fileRef = A550853F27BD1C4500C5A2D1 /* PublicSans-Light.ttf */; };
		A550855D27BD1C4600C5A2D1 /* PublicSans-BoldItalic.ttf in Resources */ = {isa = PBXBuildFile; fileRef = A550854027BD1C4500C5A2D1 /* PublicSans-BoldItalic.ttf */; };
		A550855E27BD1C4600C5A2D1 /* PublicSans-BoldItalic.ttf in Resources */ = {isa = PBXBuildFile; fileRef = A550854027BD1C4500C5A2D1 /* PublicSans-BoldItalic.ttf */; };
		A550855F27BD1C4600C5A2D1 /* PublicSans-Thin.ttf in Resources */ = {isa = PBXBuildFile; fileRef = A550854127BD1C4500C5A2D1 /* PublicSans-Thin.ttf */; };
		A550856027BD1C4600C5A2D1 /* PublicSans-Thin.ttf in Resources */ = {isa = PBXBuildFile; fileRef = A550854127BD1C4500C5A2D1 /* PublicSans-Thin.ttf */; };
		A550856127BD1C4600C5A2D1 /* PublicSans-BlackItalic.ttf in Resources */ = {isa = PBXBuildFile; fileRef = A550854227BD1C4500C5A2D1 /* PublicSans-BlackItalic.ttf */; };
		A550856227BD1C4600C5A2D1 /* PublicSans-BlackItalic.ttf in Resources */ = {isa = PBXBuildFile; fileRef = A550854227BD1C4500C5A2D1 /* PublicSans-BlackItalic.ttf */; };
		A550856327BD1C4600C5A2D1 /* PublicSans-Black.ttf in Resources */ = {isa = PBXBuildFile; fileRef = A550854327BD1C4500C5A2D1 /* PublicSans-Black.ttf */; };
		A550856427BD1C4600C5A2D1 /* PublicSans-Black.ttf in Resources */ = {isa = PBXBuildFile; fileRef = A550854327BD1C4500C5A2D1 /* PublicSans-Black.ttf */; };
		A550856527BD1C4600C5A2D1 /* PublicSans-ExtraLight.ttf in Resources */ = {isa = PBXBuildFile; fileRef = A550854427BD1C4500C5A2D1 /* PublicSans-ExtraLight.ttf */; };
		A550856627BD1C4600C5A2D1 /* PublicSans-ExtraLight.ttf in Resources */ = {isa = PBXBuildFile; fileRef = A550854427BD1C4500C5A2D1 /* PublicSans-ExtraLight.ttf */; };
		A550856727BD1C4600C5A2D1 /* PublicSans-Bold.ttf in Resources */ = {isa = PBXBuildFile; fileRef = A550854527BD1C4500C5A2D1 /* PublicSans-Bold.ttf */; };
		A550856827BD1C4600C5A2D1 /* PublicSans-Bold.ttf in Resources */ = {isa = PBXBuildFile; fileRef = A550854527BD1C4500C5A2D1 /* PublicSans-Bold.ttf */; };
		A550856927BD1C4600C5A2D1 /* PublicSans-MediumItalic.ttf in Resources */ = {isa = PBXBuildFile; fileRef = A550854627BD1C4600C5A2D1 /* PublicSans-MediumItalic.ttf */; };
		A550856A27BD1C4600C5A2D1 /* PublicSans-MediumItalic.ttf in Resources */ = {isa = PBXBuildFile; fileRef = A550854627BD1C4600C5A2D1 /* PublicSans-MediumItalic.ttf */; };
		A550857027BD2E3700C5A2D1 /* fontHelpers.swift in Sources */ = {isa = PBXBuildFile; fileRef = A550856F27BD2E3700C5A2D1 /* fontHelpers.swift */; };
		A550857127BD2E3700C5A2D1 /* fontHelpers.swift in Sources */ = {isa = PBXBuildFile; fileRef = A550856F27BD2E3700C5A2D1 /* fontHelpers.swift */; };
		A550857327BD473B00C5A2D1 /* ConsentPage.swift in Sources */ = {isa = PBXBuildFile; fileRef = A550857227BD473B00C5A2D1 /* ConsentPage.swift */; };
		A550857427BD473B00C5A2D1 /* ConsentPage.swift in Sources */ = {isa = PBXBuildFile; fileRef = A550857227BD473B00C5A2D1 /* ConsentPage.swift */; };
		A550858027BD550000C5A2D1 /* Themes.swift in Sources */ = {isa = PBXBuildFile; fileRef = A550857F27BD550000C5A2D1 /* Themes.swift */; };
		A550858127BD550000C5A2D1 /* Themes.swift in Sources */ = {isa = PBXBuildFile; fileRef = A550857F27BD550000C5A2D1 /* Themes.swift */; };
		A550858627BE3B1400C5A2D1 /* Line.swift in Sources */ = {isa = PBXBuildFile; fileRef = A550858527BE3B1400C5A2D1 /* Line.swift */; };
		A550858727BE3B1400C5A2D1 /* Line.swift in Sources */ = {isa = PBXBuildFile; fileRef = A550858527BE3B1400C5A2D1 /* Line.swift */; };
		A550858927BE46CE00C5A2D1 /* ConsentEntry.swift in Sources */ = {isa = PBXBuildFile; fileRef = A550858827BE46CE00C5A2D1 /* ConsentEntry.swift */; };
		A550858A27BE46CE00C5A2D1 /* ConsentEntry.swift in Sources */ = {isa = PBXBuildFile; fileRef = A550858827BE46CE00C5A2D1 /* ConsentEntry.swift */; };
		A550858C27BE4A7200C5A2D1 /* ConsentEntryModel.swift in Sources */ = {isa = PBXBuildFile; fileRef = A550858B27BE4A7200C5A2D1 /* ConsentEntryModel.swift */; };
		A550858D27BE4A7200C5A2D1 /* ConsentEntryModel.swift in Sources */ = {isa = PBXBuildFile; fileRef = A550858B27BE4A7200C5A2D1 /* ConsentEntryModel.swift */; };
		A550859227BFD40700C5A2D1 /* Background.swift in Sources */ = {isa = PBXBuildFile; fileRef = A550859127BFD40700C5A2D1 /* Background.swift */; };
		A550859327BFD40700C5A2D1 /* Background.swift in Sources */ = {isa = PBXBuildFile; fileRef = A550859127BFD40700C5A2D1 /* Background.swift */; };
		A55085A727BFEB1A00C5A2D1 /* ButtonStyle.swift in Sources */ = {isa = PBXBuildFile; fileRef = A55085A627BFEB1A00C5A2D1 /* ButtonStyle.swift */; };
		A55085A827BFEB1A00C5A2D1 /* ButtonStyle.swift in Sources */ = {isa = PBXBuildFile; fileRef = A55085A627BFEB1A00C5A2D1 /* ButtonStyle.swift */; };
		A55085AD27C3AA0400C5A2D1 /* LoginPage.swift in Sources */ = {isa = PBXBuildFile; fileRef = A55085AC27C3AA0400C5A2D1 /* LoginPage.swift */; };
		A55085AE27C3AA0400C5A2D1 /* LoginPage.swift in Sources */ = {isa = PBXBuildFile; fileRef = A55085AC27C3AA0400C5A2D1 /* LoginPage.swift */; };
		A55085B027C3AA6000C5A2D1 /* SignUpPage.swift in Sources */ = {isa = PBXBuildFile; fileRef = A55085AF27C3AA6000C5A2D1 /* SignUpPage.swift */; };
		A55085B127C3AA6000C5A2D1 /* SignUpPage.swift in Sources */ = {isa = PBXBuildFile; fileRef = A55085AF27C3AA6000C5A2D1 /* SignUpPage.swift */; };
		A55085B327C3B4D100C5A2D1 /* SecureInputField.swift in Sources */ = {isa = PBXBuildFile; fileRef = A55085B227C3B4D100C5A2D1 /* SecureInputField.swift */; };
		A55085B427C3B4D100C5A2D1 /* SecureInputField.swift in Sources */ = {isa = PBXBuildFile; fileRef = A55085B227C3B4D100C5A2D1 /* SecureInputField.swift */; };
		A55085B627C3B55400C5A2D1 /* InputField.swift in Sources */ = {isa = PBXBuildFile; fileRef = A55085B527C3B55400C5A2D1 /* InputField.swift */; };
		A55085B727C3B55400C5A2D1 /* InputField.swift in Sources */ = {isa = PBXBuildFile; fileRef = A55085B527C3B55400C5A2D1 /* InputField.swift */; };
		A55085B927C3B61E00C5A2D1 /* MainButton.swift in Sources */ = {isa = PBXBuildFile; fileRef = A55085B827C3B61E00C5A2D1 /* MainButton.swift */; };
		A55085BA27C3B61E00C5A2D1 /* MainButton.swift in Sources */ = {isa = PBXBuildFile; fileRef = A55085B827C3B61E00C5A2D1 /* MainButton.swift */; };
		A55085BC27C3DA1A00C5A2D1 /* Text.swift in Sources */ = {isa = PBXBuildFile; fileRef = A55085BB27C3DA1A00C5A2D1 /* Text.swift */; };
		A55085BD27C3DA1A00C5A2D1 /* Text.swift in Sources */ = {isa = PBXBuildFile; fileRef = A55085BB27C3DA1A00C5A2D1 /* Text.swift */; };
		A55085BF27C3E07200C5A2D1 /* SelectImage.swift in Sources */ = {isa = PBXBuildFile; fileRef = A55085BE27C3E07200C5A2D1 /* SelectImage.swift */; };
		A55085C027C3E07200C5A2D1 /* SelectImage.swift in Sources */ = {isa = PBXBuildFile; fileRef = A55085BE27C3E07200C5A2D1 /* SelectImage.swift */; };
		A55085C227CE33C500C5A2D1 /* SignupForm.swift in Sources */ = {isa = PBXBuildFile; fileRef = A55085C127CE33C500C5A2D1 /* SignupForm.swift */; };
		A55085C327CE33C500C5A2D1 /* SignupForm.swift in Sources */ = {isa = PBXBuildFile; fileRef = A55085C127CE33C500C5A2D1 /* SignupForm.swift */; };
		A55085C527CE428200C5A2D1 /* LoginForm.swift in Sources */ = {isa = PBXBuildFile; fileRef = A55085C427CE428100C5A2D1 /* LoginForm.swift */; };
		A55085C627CE428200C5A2D1 /* LoginForm.swift in Sources */ = {isa = PBXBuildFile; fileRef = A55085C427CE428100C5A2D1 /* LoginForm.swift */; };
		A55085C927CF741600C5A2D1 /* CurrentPageState.swift in Sources */ = {isa = PBXBuildFile; fileRef = A55085C827CF741500C5A2D1 /* CurrentPageState.swift */; };
		A55085CA27CF741600C5A2D1 /* CurrentPageState.swift in Sources */ = {isa = PBXBuildFile; fileRef = A55085C827CF741500C5A2D1 /* CurrentPageState.swift */; };
		A5A6F04C27F5DFB700BEDBDC /* authentication.swift in Sources */ = {isa = PBXBuildFile; fileRef = A5DB214B27E8D7AA0070B444 /* authentication.swift */; };
		A5A6F04D27F5E39100BEDBDC /* MainButton.swift in Sources */ = {isa = PBXBuildFile; fileRef = A55085B827C3B61E00C5A2D1 /* MainButton.swift */; };
		A5A6F04E27F602E000BEDBDC /* Switch.swift in Sources */ = {isa = PBXBuildFile; fileRef = A5DB215A27EB2D8C0070B444 /* Switch.swift */; };
		A5A6F04F27F6E8A500BEDBDC /* urlTools.swift in Sources */ = {isa = PBXBuildFile; fileRef = A5DB213C27E22B520070B444 /* urlTools.swift */; };
		A5A6F05027F706CD00BEDBDC /* PublicSans-Black.ttf in Resources */ = {isa = PBXBuildFile; fileRef = A550854327BD1C4500C5A2D1 /* PublicSans-Black.ttf */; };
		A5A6F05127F706CD00BEDBDC /* PublicSans-BlackItalic.ttf in Resources */ = {isa = PBXBuildFile; fileRef = A550854227BD1C4500C5A2D1 /* PublicSans-BlackItalic.ttf */; };
		A5A6F05227F706CD00BEDBDC /* PublicSans-Bold.ttf in Resources */ = {isa = PBXBuildFile; fileRef = A550854527BD1C4500C5A2D1 /* PublicSans-Bold.ttf */; };
		A5A6F05327F706CD00BEDBDC /* PublicSans-BoldItalic.ttf in Resources */ = {isa = PBXBuildFile; fileRef = A550854027BD1C4500C5A2D1 /* PublicSans-BoldItalic.ttf */; };
		A5A6F05427F706CD00BEDBDC /* PublicSans-ExtraBold.ttf in Resources */ = {isa = PBXBuildFile; fileRef = A550853B27BD1C4400C5A2D1 /* PublicSans-ExtraBold.ttf */; };
		A5A6F05527F706CD00BEDBDC /* PublicSans-ExtraBoldItalic.ttf in Resources */ = {isa = PBXBuildFile; fileRef = A550853A27BD1C4400C5A2D1 /* PublicSans-ExtraBoldItalic.ttf */; };
		A5A6F05627F706CD00BEDBDC /* PublicSans-ExtraLight.ttf in Resources */ = {isa = PBXBuildFile; fileRef = A550854427BD1C4500C5A2D1 /* PublicSans-ExtraLight.ttf */; };
		A5A6F05727F706CD00BEDBDC /* PublicSans-ExtraLightItalic.ttf in Resources */ = {isa = PBXBuildFile; fileRef = A550853E27BD1C4500C5A2D1 /* PublicSans-ExtraLightItalic.ttf */; };
		A5A6F05827F706CD00BEDBDC /* PublicSans-Italic.ttf in Resources */ = {isa = PBXBuildFile; fileRef = A550853827BD1C4400C5A2D1 /* PublicSans-Italic.ttf */; };
		A5A6F05927F706CD00BEDBDC /* PublicSans-Light.ttf in Resources */ = {isa = PBXBuildFile; fileRef = A550853F27BD1C4500C5A2D1 /* PublicSans-Light.ttf */; };
		A5A6F05A27F706CD00BEDBDC /* PublicSans-LightItalic.ttf in Resources */ = {isa = PBXBuildFile; fileRef = A550853D27BD1C4500C5A2D1 /* PublicSans-LightItalic.ttf */; };
		A5A6F05B27F706CD00BEDBDC /* PublicSans-Medium.ttf in Resources */ = {isa = PBXBuildFile; fileRef = A550853C27BD1C4500C5A2D1 /* PublicSans-Medium.ttf */; };
		A5A6F05C27F706CD00BEDBDC /* PublicSans-MediumItalic.ttf in Resources */ = {isa = PBXBuildFile; fileRef = A550854627BD1C4600C5A2D1 /* PublicSans-MediumItalic.ttf */; };
		A5A6F05D27F706CD00BEDBDC /* PublicSans-Regular.ttf in Resources */ = {isa = PBXBuildFile; fileRef = A550853727BD1C4400C5A2D1 /* PublicSans-Regular.ttf */; };
		A5A6F05E27F706CD00BEDBDC /* PublicSans-SemiBold.ttf in Resources */ = {isa = PBXBuildFile; fileRef = A550853527BD1C4300C5A2D1 /* PublicSans-SemiBold.ttf */; };
		A5A6F05F27F706CD00BEDBDC /* PublicSans-SemiBoldItalic.ttf in Resources */ = {isa = PBXBuildFile; fileRef = A550853627BD1C4300C5A2D1 /* PublicSans-SemiBoldItalic.ttf */; };
		A5A6F06027F706CD00BEDBDC /* PublicSans-Thin.ttf in Resources */ = {isa = PBXBuildFile; fileRef = A550854127BD1C4500C5A2D1 /* PublicSans-Thin.ttf */; };
		A5A6F06127F706CD00BEDBDC /* PublicSans-ThinItalic.ttf in Resources */ = {isa = PBXBuildFile; fileRef = A550853927BD1C4400C5A2D1 /* PublicSans-ThinItalic.ttf */; };
		A5A6F06327F7075A00BEDBDC /* Assets.xcassets in Resources */ = {isa = PBXBuildFile; fileRef = 946D2DDE27BB9A960055175C /* Assets.xcassets */; };
		A5A6F06527FB59F800BEDBDC /* PasswordGeneratorList.swift in Sources */ = {isa = PBXBuildFile; fileRef = A5A6F06427FB59F800BEDBDC /* PasswordGeneratorList.swift */; };
		A5A6F06727FC517600BEDBDC /* KeywordEntry.swift in Sources */ = {isa = PBXBuildFile; fileRef = A5A6F06627FC517600BEDBDC /* KeywordEntry.swift */; };
		A5AA4CEC28A417BB00677ADD /* Expander.swift in Sources */ = {isa = PBXBuildFile; fileRef = A5AA4CEB28A417BB00677ADD /* Expander.swift */; };
		A5AA4CED28A417BB00677ADD /* Expander.swift in Sources */ = {isa = PBXBuildFile; fileRef = A5AA4CEB28A417BB00677ADD /* Expander.swift */; };
		A5AA4CEF28AAAAA500677ADD /* View.swift in Sources */ = {isa = PBXBuildFile; fileRef = A5AA4CEE28AAAAA400677ADD /* View.swift */; };
		A5AA4CF028AAAAA500677ADD /* View.swift in Sources */ = {isa = PBXBuildFile; fileRef = A5AA4CEE28AAAAA400677ADD /* View.swift */; };
		A5AA4CF228ABEBE700677ADD /* Checkbox.swift in Sources */ = {isa = PBXBuildFile; fileRef = A5AA4CF128ABEBE700677ADD /* Checkbox.swift */; };
		A5AA4CF328ABEBE800677ADD /* Checkbox.swift in Sources */ = {isa = PBXBuildFile; fileRef = A5AA4CF128ABEBE700677ADD /* Checkbox.swift */; };
		A5D30C832878624D00481E85 /* FirstRunPage.swift in Sources */ = {isa = PBXBuildFile; fileRef = A5D30C822878624D00481E85 /* FirstRunPage.swift */; };
		A5D30C842878624D00481E85 /* FirstRunPage.swift in Sources */ = {isa = PBXBuildFile; fileRef = A5D30C822878624D00481E85 /* FirstRunPage.swift */; };
		A5D30C86287C5AF100481E85 /* LoadingCircle.swift in Sources */ = {isa = PBXBuildFile; fileRef = A5D30C85287C5AF100481E85 /* LoadingCircle.swift */; };
		A5D30C87287C5AF100481E85 /* LoadingCircle.swift in Sources */ = {isa = PBXBuildFile; fileRef = A5D30C85287C5AF100481E85 /* LoadingCircle.swift */; };
		A5D30C89287DBD7300481E85 /* EmptyAppPage.swift in Sources */ = {isa = PBXBuildFile; fileRef = A5D30C88287DBD7300481E85 /* EmptyAppPage.swift */; };
		A5D30C8A287DBD7300481E85 /* EmptyAppPage.swift in Sources */ = {isa = PBXBuildFile; fileRef = A5D30C88287DBD7300481E85 /* EmptyAppPage.swift */; };
		A5D30C8C287F0F2C00481E85 /* WebView.swift in Sources */ = {isa = PBXBuildFile; fileRef = A5D30C8B287F0F2B00481E85 /* WebView.swift */; };
		A5D30C8D287F0F2C00481E85 /* WebView.swift in Sources */ = {isa = PBXBuildFile; fileRef = A5D30C8B287F0F2B00481E85 /* WebView.swift */; };
		A5DB212F27E1DF850070B444 /* StorageListItem.swift in Sources */ = {isa = PBXBuildFile; fileRef = A5DB212E27E1DF850070B444 /* StorageListItem.swift */; };
		A5DB213027E1DF850070B444 /* StorageListItem.swift in Sources */ = {isa = PBXBuildFile; fileRef = A5DB212E27E1DF850070B444 /* StorageListItem.swift */; };
		A5DB213227E1F3F60070B444 /* PasswordEntryModel.swift in Sources */ = {isa = PBXBuildFile; fileRef = A5DB213127E1F3F60070B444 /* PasswordEntryModel.swift */; };
		A5DB213327E1F3F60070B444 /* PasswordEntryModel.swift in Sources */ = {isa = PBXBuildFile; fileRef = A5DB213127E1F3F60070B444 /* PasswordEntryModel.swift */; };
		A5DB213D27E22B520070B444 /* urlTools.swift in Sources */ = {isa = PBXBuildFile; fileRef = A5DB213C27E22B520070B444 /* urlTools.swift */; };
		A5DB213E27E22B520070B444 /* urlTools.swift in Sources */ = {isa = PBXBuildFile; fileRef = A5DB213C27E22B520070B444 /* urlTools.swift */; };
		A5DB214027E23D2D0070B444 /* StorageItemDetails.swift in Sources */ = {isa = PBXBuildFile; fileRef = A5DB213F27E23D2D0070B444 /* StorageItemDetails.swift */; };
		A5DB214127E23D2D0070B444 /* StorageItemDetails.swift in Sources */ = {isa = PBXBuildFile; fileRef = A5DB213F27E23D2D0070B444 /* StorageItemDetails.swift */; };
		A5DB214327E3321C0070B444 /* StorageState.swift in Sources */ = {isa = PBXBuildFile; fileRef = A5DB214227E3321C0070B444 /* StorageState.swift */; };
		A5DB214427E3321C0070B444 /* StorageState.swift in Sources */ = {isa = PBXBuildFile; fileRef = A5DB214227E3321C0070B444 /* StorageState.swift */; };
		A5DB214627E37A690070B444 /* keyChain.swift in Sources */ = {isa = PBXBuildFile; fileRef = A5DB214527E37A690070B444 /* keyChain.swift */; };
		A5DB214727E37A690070B444 /* keyChain.swift in Sources */ = {isa = PBXBuildFile; fileRef = A5DB214527E37A690070B444 /* keyChain.swift */; };
		A5DB214A27E37C040070B444 /* KeychainAccess in Frameworks */ = {isa = PBXBuildFile; productRef = A5DB214927E37C040070B444 /* KeychainAccess */; };
		A5DB214C27E8D7AA0070B444 /* authentication.swift in Sources */ = {isa = PBXBuildFile; fileRef = A5DB214B27E8D7AA0070B444 /* authentication.swift */; };
		A5DB214D27E8D7AA0070B444 /* authentication.swift in Sources */ = {isa = PBXBuildFile; fileRef = A5DB214B27E8D7AA0070B444 /* authentication.swift */; };
		A5DB214F27EA2B420070B444 /* Popup.swift in Sources */ = {isa = PBXBuildFile; fileRef = A5DB214E27EA2B420070B444 /* Popup.swift */; };
		A5DB215027EA2B420070B444 /* Popup.swift in Sources */ = {isa = PBXBuildFile; fileRef = A5DB214E27EA2B420070B444 /* Popup.swift */; };
		A5DB215227EA2B690070B444 /* PopupWindow.swift in Sources */ = {isa = PBXBuildFile; fileRef = A5DB215127EA2B690070B444 /* PopupWindow.swift */; };
		A5DB215327EA2B690070B444 /* PopupWindow.swift in Sources */ = {isa = PBXBuildFile; fileRef = A5DB215127EA2B690070B444 /* PopupWindow.swift */; };
		A5DB215527EB10940070B444 /* PasswordGenerator.swift in Sources */ = {isa = PBXBuildFile; fileRef = A5DB215427EB10940070B444 /* PasswordGenerator.swift */; };
		A5DB215627EB10940070B444 /* PasswordGenerator.swift in Sources */ = {isa = PBXBuildFile; fileRef = A5DB215427EB10940070B444 /* PasswordGenerator.swift */; };
		A5DB215B27EB2D8C0070B444 /* Switch.swift in Sources */ = {isa = PBXBuildFile; fileRef = A5DB215A27EB2D8C0070B444 /* Switch.swift */; };
		A5DB215C27EB2D8C0070B444 /* Switch.swift in Sources */ = {isa = PBXBuildFile; fileRef = A5DB215A27EB2D8C0070B444 /* Switch.swift */; };
		A5DB215E27EB32D60070B444 /* passwordGenerator.swift in Sources */ = {isa = PBXBuildFile; fileRef = A5DB215D27EB32D60070B444 /* passwordGenerator.swift */; };
		A5DB215F27EB32D60070B444 /* passwordGenerator.swift in Sources */ = {isa = PBXBuildFile; fileRef = A5DB215D27EB32D60070B444 /* passwordGenerator.swift */; };
		A5DB216227EDDECA0070B444 /* AuthenticationServices.framework in Frameworks */ = {isa = PBXBuildFile; fileRef = A5DB216127EDDECA0070B444 /* AuthenticationServices.framework */; };
		A5DB216427EDE9FA0070B444 /* autoFill.swift in Sources */ = {isa = PBXBuildFile; fileRef = A5DB216327EDE9FA0070B444 /* autoFill.swift */; };
		A5DB216527EDE9FA0070B444 /* autoFill.swift in Sources */ = {isa = PBXBuildFile; fileRef = A5DB216327EDE9FA0070B444 /* autoFill.swift */; };
		A5DB216727EDFF0B0070B444 /* AuthenticationServices.framework in Frameworks */ = {isa = PBXBuildFile; fileRef = A5DB216127EDDECA0070B444 /* AuthenticationServices.framework */; };
		A5DB216D27F1B2260070B444 /* AuthenticationServices.framework in Frameworks */ = {isa = PBXBuildFile; fileRef = A5DB216127EDDECA0070B444 /* AuthenticationServices.framework */; };
		A5DB217027F1B2260070B444 /* CredentialProviderViewController.swift in Sources */ = {isa = PBXBuildFile; fileRef = A5DB216F27F1B2260070B444 /* CredentialProviderViewController.swift */; };
		A5DB217827F1B2260070B444 /* Mee Credential Provider.appex in Embed App Extensions */ = {isa = PBXBuildFile; fileRef = A5DB216C27F1B2260070B444 /* Mee Credential Provider.appex */; settings = {ATTRIBUTES = (RemoveHeadersOnCopy, ); }; };
		A5DB21D127F47D0D0070B444 /* keyChain.swift in Sources */ = {isa = PBXBuildFile; fileRef = A5DB214527E37A690070B444 /* keyChain.swift */; };
		A5DB21D227F47D810070B444 /* PasswordEntryModel.swift in Sources */ = {isa = PBXBuildFile; fileRef = A5DB213127E1F3F60070B444 /* PasswordEntryModel.swift */; };
		A5DB21D627F47EF20070B444 /* KeychainAccess in Frameworks */ = {isa = PBXBuildFile; productRef = A5DB21D527F47EF20070B444 /* KeychainAccess */; };
		A5DB21DC27F597C00070B444 /* Buttons.swift in Sources */ = {isa = PBXBuildFile; fileRef = A5DB21CF27F3472E0070B444 /* Buttons.swift */; };
		A5DB21DE27F59B110070B444 /* Themes.swift in Sources */ = {isa = PBXBuildFile; fileRef = A550857F27BD550000C5A2D1 /* Themes.swift */; };
		A5DB21DF27F5A38F0070B444 /* ButtonStyle.swift in Sources */ = {isa = PBXBuildFile; fileRef = A55085A627BFEB1A00C5A2D1 /* ButtonStyle.swift */; };
		A5DB21E027F5A40C0070B444 /* Text.swift in Sources */ = {isa = PBXBuildFile; fileRef = A55085BB27C3DA1A00C5A2D1 /* Text.swift */; };
		A5DB21E127F5A4470070B444 /* fontHelpers.swift in Sources */ = {isa = PBXBuildFile; fileRef = A550856F27BD2E3700C5A2D1 /* fontHelpers.swift */; };
/* End PBXBuildFile section */

/* Begin PBXContainerItemProxy section */
		946D2DF127BB9A960055175C /* PBXContainerItemProxy */ = {
			isa = PBXContainerItemProxy;
			containerPortal = 946D2DD727BB9A950055175C /* Project object */;
			proxyType = 1;
			remoteGlobalIDString = 946D2DE227BB9A960055175C;
			remoteInfo = "mee-ios-client (iOS)";
		};
		946D2DFD27BB9A960055175C /* PBXContainerItemProxy */ = {
			isa = PBXContainerItemProxy;
			containerPortal = 946D2DD727BB9A950055175C /* Project object */;
			proxyType = 1;
			remoteGlobalIDString = 946D2DE827BB9A960055175C;
			remoteInfo = "mee-ios-client (macOS)";
		};
		948AD55B27BF8E0A00A98D88 /* PBXContainerItemProxy */ = {
			isa = PBXContainerItemProxy;
			containerPortal = 946D2DD727BB9A950055175C /* Project object */;
			proxyType = 1;
			remoteGlobalIDString = 948AD54427BF8E0A00A98D88;
			remoteInfo = "Mee Safari Extension";
		};
		A5DB217627F1B2260070B444 /* PBXContainerItemProxy */ = {
			isa = PBXContainerItemProxy;
			containerPortal = 946D2DD727BB9A950055175C /* Project object */;
			proxyType = 1;
			remoteGlobalIDString = A5DB216B27F1B2260070B444;
			remoteInfo = "Mee Credential Provider";
		};
/* End PBXContainerItemProxy section */

/* Begin PBXCopyFilesBuildPhase section */
		948AD55E27BF8E0A00A98D88 /* Embed App Extensions */ = {
			isa = PBXCopyFilesBuildPhase;
			buildActionMask = 2147483647;
			dstPath = "";
			dstSubfolderSpec = 13;
			files = (
				A5DB217827F1B2260070B444 /* Mee Credential Provider.appex in Embed App Extensions */,
				948AD55D27BF8E0A00A98D88 /* Mee Safari Extension.appex in Embed App Extensions */,
			);
			name = "Embed App Extensions";
			runOnlyForDeploymentPostprocessing = 0;
		};
/* End PBXCopyFilesBuildPhase section */

/* Begin PBXFileReference section */
		946D2DDC27BB9A960055175C /* mee_ios_clientApp.swift */ = {isa = PBXFileReference; lastKnownFileType = sourcecode.swift; path = mee_ios_clientApp.swift; sourceTree = "<group>"; };
		946D2DDD27BB9A960055175C /* ContentView.swift */ = {isa = PBXFileReference; lastKnownFileType = sourcecode.swift; path = ContentView.swift; sourceTree = "<group>"; };
		946D2DDE27BB9A960055175C /* Assets.xcassets */ = {isa = PBXFileReference; lastKnownFileType = folder.assetcatalog; path = Assets.xcassets; sourceTree = "<group>"; };
		946D2DE327BB9A960055175C /* mee-ios-client.app */ = {isa = PBXFileReference; explicitFileType = wrapper.application; includeInIndex = 0; path = "mee-ios-client.app"; sourceTree = BUILT_PRODUCTS_DIR; };
		946D2DE927BB9A960055175C /* mee-ios-client.app */ = {isa = PBXFileReference; explicitFileType = wrapper.application; includeInIndex = 0; path = "mee-ios-client.app"; sourceTree = BUILT_PRODUCTS_DIR; };
		946D2DEB27BB9A960055175C /* macOS.entitlements */ = {isa = PBXFileReference; lastKnownFileType = text.plist.entitlements; path = macOS.entitlements; sourceTree = "<group>"; };
		946D2DF027BB9A960055175C /* Tests iOS.xctest */ = {isa = PBXFileReference; explicitFileType = wrapper.cfbundle; includeInIndex = 0; path = "Tests iOS.xctest"; sourceTree = BUILT_PRODUCTS_DIR; };
		946D2DF427BB9A960055175C /* Tests_iOS.swift */ = {isa = PBXFileReference; lastKnownFileType = sourcecode.swift; path = Tests_iOS.swift; sourceTree = "<group>"; };
		946D2DF627BB9A960055175C /* Tests_iOSLaunchTests.swift */ = {isa = PBXFileReference; lastKnownFileType = sourcecode.swift; path = Tests_iOSLaunchTests.swift; sourceTree = "<group>"; };
		946D2DFC27BB9A960055175C /* Tests macOS.xctest */ = {isa = PBXFileReference; explicitFileType = wrapper.cfbundle; includeInIndex = 0; path = "Tests macOS.xctest"; sourceTree = BUILT_PRODUCTS_DIR; };
		946D2E0027BB9A960055175C /* Tests_macOS.swift */ = {isa = PBXFileReference; lastKnownFileType = sourcecode.swift; path = Tests_macOS.swift; sourceTree = "<group>"; };
		946D2E0227BB9A960055175C /* Tests_macOSLaunchTests.swift */ = {isa = PBXFileReference; lastKnownFileType = sourcecode.swift; path = Tests_macOSLaunchTests.swift; sourceTree = "<group>"; };
		948AD54527BF8E0A00A98D88 /* Mee Safari Extension.appex */ = {isa = PBXFileReference; explicitFileType = "wrapper.app-extension"; includeInIndex = 0; path = "Mee Safari Extension.appex"; sourceTree = BUILT_PRODUCTS_DIR; };
		948AD54727BF8E0A00A98D88 /* SafariWebExtensionHandler.swift */ = {isa = PBXFileReference; lastKnownFileType = sourcecode.swift; path = SafariWebExtensionHandler.swift; sourceTree = "<group>"; };
		948AD54A27BF8E0A00A98D88 /* _locales */ = {isa = PBXFileReference; lastKnownFileType = folder; path = _locales; sourceTree = "<group>"; };
		948AD54C27BF8E0A00A98D88 /* images */ = {isa = PBXFileReference; lastKnownFileType = folder; path = images; sourceTree = "<group>"; };
		948AD54E27BF8E0A00A98D88 /* manifest.json */ = {isa = PBXFileReference; lastKnownFileType = text.json; path = manifest.json; sourceTree = "<group>"; };
		948AD55027BF8E0A00A98D88 /* background.js */ = {isa = PBXFileReference; lastKnownFileType = sourcecode.javascript; path = background.js; sourceTree = "<group>"; };
		948AD55227BF8E0A00A98D88 /* content.js */ = {isa = PBXFileReference; lastKnownFileType = sourcecode.javascript; path = content.js; sourceTree = "<group>"; };
		948AD55427BF8E0A00A98D88 /* popup.html */ = {isa = PBXFileReference; lastKnownFileType = text.html; path = popup.html; sourceTree = "<group>"; };
		948AD55627BF8E0A00A98D88 /* popup.css */ = {isa = PBXFileReference; lastKnownFileType = text.css; path = popup.css; sourceTree = "<group>"; };
		948AD55827BF8E0A00A98D88 /* popup.js */ = {isa = PBXFileReference; lastKnownFileType = sourcecode.javascript; path = popup.js; sourceTree = "<group>"; };
		948AD55A27BF8E0A00A98D88 /* Info.plist */ = {isa = PBXFileReference; lastKnownFileType = text.plist.xml; path = Info.plist; sourceTree = "<group>"; };
		948AD56427BF993A00A98D88 /* mee-ios-client (iOS).entitlements */ = {isa = PBXFileReference; lastKnownFileType = text.plist.entitlements; path = "mee-ios-client (iOS).entitlements"; sourceTree = "<group>"; };
		A53F79C627D647B400A62589 /* validation.swift */ = {isa = PBXFileReference; lastKnownFileType = sourcecode.swift; path = validation.swift; sourceTree = "<group>"; };
		A53F79CC27DA1BBC00A62589 /* optionalBinding.swift */ = {isa = PBXFileReference; lastKnownFileType = sourcecode.swift; path = optionalBinding.swift; sourceTree = "<group>"; };
		A53F79CF27DA2DFC00A62589 /* ConsentState.swift */ = {isa = PBXFileReference; lastKnownFileType = sourcecode.swift; path = ConsentState.swift; sourceTree = "<group>"; };
		A53F79D227E08B9D00A62589 /* MainViewPage.swift */ = {isa = PBXFileReference; lastKnownFileType = sourcecode.swift; path = MainViewPage.swift; sourceTree = "<group>"; };
		A53F79D527E0D56800A62589 /* PasswordManagerPage.swift */ = {isa = PBXFileReference; lastKnownFileType = sourcecode.swift; path = PasswordManagerPage.swift; sourceTree = "<group>"; };
		A550853527BD1C4300C5A2D1 /* PublicSans-SemiBold.ttf */ = {isa = PBXFileReference; lastKnownFileType = file; path = "PublicSans-SemiBold.ttf"; sourceTree = "<group>"; };
		A550853627BD1C4300C5A2D1 /* PublicSans-SemiBoldItalic.ttf */ = {isa = PBXFileReference; lastKnownFileType = file; path = "PublicSans-SemiBoldItalic.ttf"; sourceTree = "<group>"; };
		A550853727BD1C4400C5A2D1 /* PublicSans-Regular.ttf */ = {isa = PBXFileReference; lastKnownFileType = file; path = "PublicSans-Regular.ttf"; sourceTree = "<group>"; };
		A550853827BD1C4400C5A2D1 /* PublicSans-Italic.ttf */ = {isa = PBXFileReference; lastKnownFileType = file; path = "PublicSans-Italic.ttf"; sourceTree = "<group>"; };
		A550853927BD1C4400C5A2D1 /* PublicSans-ThinItalic.ttf */ = {isa = PBXFileReference; lastKnownFileType = file; path = "PublicSans-ThinItalic.ttf"; sourceTree = "<group>"; };
		A550853A27BD1C4400C5A2D1 /* PublicSans-ExtraBoldItalic.ttf */ = {isa = PBXFileReference; lastKnownFileType = file; path = "PublicSans-ExtraBoldItalic.ttf"; sourceTree = "<group>"; };
		A550853B27BD1C4400C5A2D1 /* PublicSans-ExtraBold.ttf */ = {isa = PBXFileReference; lastKnownFileType = file; path = "PublicSans-ExtraBold.ttf"; sourceTree = "<group>"; };
		A550853C27BD1C4500C5A2D1 /* PublicSans-Medium.ttf */ = {isa = PBXFileReference; lastKnownFileType = file; path = "PublicSans-Medium.ttf"; sourceTree = "<group>"; };
		A550853D27BD1C4500C5A2D1 /* PublicSans-LightItalic.ttf */ = {isa = PBXFileReference; lastKnownFileType = file; path = "PublicSans-LightItalic.ttf"; sourceTree = "<group>"; };
		A550853E27BD1C4500C5A2D1 /* PublicSans-ExtraLightItalic.ttf */ = {isa = PBXFileReference; lastKnownFileType = file; path = "PublicSans-ExtraLightItalic.ttf"; sourceTree = "<group>"; };
		A550853F27BD1C4500C5A2D1 /* PublicSans-Light.ttf */ = {isa = PBXFileReference; lastKnownFileType = file; path = "PublicSans-Light.ttf"; sourceTree = "<group>"; };
		A550854027BD1C4500C5A2D1 /* PublicSans-BoldItalic.ttf */ = {isa = PBXFileReference; lastKnownFileType = file; path = "PublicSans-BoldItalic.ttf"; sourceTree = "<group>"; };
		A550854127BD1C4500C5A2D1 /* PublicSans-Thin.ttf */ = {isa = PBXFileReference; lastKnownFileType = file; path = "PublicSans-Thin.ttf"; sourceTree = "<group>"; };
		A550854227BD1C4500C5A2D1 /* PublicSans-BlackItalic.ttf */ = {isa = PBXFileReference; lastKnownFileType = file; path = "PublicSans-BlackItalic.ttf"; sourceTree = "<group>"; };
		A550854327BD1C4500C5A2D1 /* PublicSans-Black.ttf */ = {isa = PBXFileReference; lastKnownFileType = file; path = "PublicSans-Black.ttf"; sourceTree = "<group>"; };
		A550854427BD1C4500C5A2D1 /* PublicSans-ExtraLight.ttf */ = {isa = PBXFileReference; lastKnownFileType = file; path = "PublicSans-ExtraLight.ttf"; sourceTree = "<group>"; };
		A550854527BD1C4500C5A2D1 /* PublicSans-Bold.ttf */ = {isa = PBXFileReference; lastKnownFileType = file; path = "PublicSans-Bold.ttf"; sourceTree = "<group>"; };
		A550854627BD1C4600C5A2D1 /* PublicSans-MediumItalic.ttf */ = {isa = PBXFileReference; lastKnownFileType = file; path = "PublicSans-MediumItalic.ttf"; sourceTree = "<group>"; };
		A550856C27BD243500C5A2D1 /* mee-ios-client--iOS--Info.plist */ = {isa = PBXFileReference; lastKnownFileType = text.plist; path = "mee-ios-client--iOS--Info.plist"; sourceTree = "<group>"; };
		A550856F27BD2E3700C5A2D1 /* fontHelpers.swift */ = {isa = PBXFileReference; lastKnownFileType = sourcecode.swift; path = fontHelpers.swift; sourceTree = "<group>"; };
		A550857227BD473B00C5A2D1 /* ConsentPage.swift */ = {isa = PBXFileReference; lastKnownFileType = sourcecode.swift; path = ConsentPage.swift; sourceTree = "<group>"; };
		A550857F27BD550000C5A2D1 /* Themes.swift */ = {isa = PBXFileReference; lastKnownFileType = sourcecode.swift; path = Themes.swift; sourceTree = "<group>"; };
		A550858527BE3B1400C5A2D1 /* Line.swift */ = {isa = PBXFileReference; lastKnownFileType = sourcecode.swift; path = Line.swift; sourceTree = "<group>"; };
		A550858827BE46CE00C5A2D1 /* ConsentEntry.swift */ = {isa = PBXFileReference; lastKnownFileType = sourcecode.swift; path = ConsentEntry.swift; sourceTree = "<group>"; };
		A550858B27BE4A7200C5A2D1 /* ConsentEntryModel.swift */ = {isa = PBXFileReference; lastKnownFileType = sourcecode.swift; path = ConsentEntryModel.swift; sourceTree = "<group>"; };
		A550859127BFD40700C5A2D1 /* Background.swift */ = {isa = PBXFileReference; lastKnownFileType = sourcecode.swift; path = Background.swift; sourceTree = "<group>"; };
		A55085A627BFEB1A00C5A2D1 /* ButtonStyle.swift */ = {isa = PBXFileReference; fileEncoding = 4; lastKnownFileType = sourcecode.swift; path = ButtonStyle.swift; sourceTree = "<group>"; };
		A55085AC27C3AA0400C5A2D1 /* LoginPage.swift */ = {isa = PBXFileReference; lastKnownFileType = sourcecode.swift; path = LoginPage.swift; sourceTree = "<group>"; };
		A55085AF27C3AA6000C5A2D1 /* SignUpPage.swift */ = {isa = PBXFileReference; lastKnownFileType = sourcecode.swift; path = SignUpPage.swift; sourceTree = "<group>"; };
		A55085B227C3B4D100C5A2D1 /* SecureInputField.swift */ = {isa = PBXFileReference; lastKnownFileType = sourcecode.swift; path = SecureInputField.swift; sourceTree = "<group>"; };
		A55085B527C3B55400C5A2D1 /* InputField.swift */ = {isa = PBXFileReference; lastKnownFileType = sourcecode.swift; path = InputField.swift; sourceTree = "<group>"; };
		A55085B827C3B61E00C5A2D1 /* MainButton.swift */ = {isa = PBXFileReference; lastKnownFileType = sourcecode.swift; path = MainButton.swift; sourceTree = "<group>"; };
		A55085BB27C3DA1A00C5A2D1 /* Text.swift */ = {isa = PBXFileReference; lastKnownFileType = sourcecode.swift; path = Text.swift; sourceTree = "<group>"; };
		A55085BE27C3E07200C5A2D1 /* SelectImage.swift */ = {isa = PBXFileReference; lastKnownFileType = sourcecode.swift; path = SelectImage.swift; sourceTree = "<group>"; };
		A55085C127CE33C500C5A2D1 /* SignupForm.swift */ = {isa = PBXFileReference; lastKnownFileType = sourcecode.swift; path = SignupForm.swift; sourceTree = "<group>"; };
		A55085C427CE428100C5A2D1 /* LoginForm.swift */ = {isa = PBXFileReference; lastKnownFileType = sourcecode.swift; path = LoginForm.swift; sourceTree = "<group>"; };
		A55085C827CF741500C5A2D1 /* CurrentPageState.swift */ = {isa = PBXFileReference; lastKnownFileType = sourcecode.swift; path = CurrentPageState.swift; sourceTree = "<group>"; };
		A5A6F06427FB59F800BEDBDC /* PasswordGeneratorList.swift */ = {isa = PBXFileReference; lastKnownFileType = sourcecode.swift; path = PasswordGeneratorList.swift; sourceTree = "<group>"; };
		A5A6F06627FC517600BEDBDC /* KeywordEntry.swift */ = {isa = PBXFileReference; lastKnownFileType = sourcecode.swift; path = KeywordEntry.swift; sourceTree = "<group>"; };
		A5AA4CEB28A417BB00677ADD /* Expander.swift */ = {isa = PBXFileReference; lastKnownFileType = sourcecode.swift; path = Expander.swift; sourceTree = "<group>"; };
		A5AA4CEE28AAAAA400677ADD /* View.swift */ = {isa = PBXFileReference; lastKnownFileType = sourcecode.swift; path = View.swift; sourceTree = "<group>"; };
		A5AA4CF128ABEBE700677ADD /* Checkbox.swift */ = {isa = PBXFileReference; lastKnownFileType = sourcecode.swift; path = Checkbox.swift; sourceTree = "<group>"; };
		A5D30C822878624D00481E85 /* FirstRunPage.swift */ = {isa = PBXFileReference; lastKnownFileType = sourcecode.swift; path = FirstRunPage.swift; sourceTree = "<group>"; };
		A5D30C85287C5AF100481E85 /* LoadingCircle.swift */ = {isa = PBXFileReference; lastKnownFileType = sourcecode.swift; path = LoadingCircle.swift; sourceTree = "<group>"; };
		A5D30C88287DBD7300481E85 /* EmptyAppPage.swift */ = {isa = PBXFileReference; lastKnownFileType = sourcecode.swift; path = EmptyAppPage.swift; sourceTree = "<group>"; };
		A5D30C8B287F0F2B00481E85 /* WebView.swift */ = {isa = PBXFileReference; lastKnownFileType = sourcecode.swift; path = WebView.swift; sourceTree = "<group>"; };
		A5DB212E27E1DF850070B444 /* StorageListItem.swift */ = {isa = PBXFileReference; lastKnownFileType = sourcecode.swift; path = StorageListItem.swift; sourceTree = "<group>"; };
		A5DB213127E1F3F60070B444 /* PasswordEntryModel.swift */ = {isa = PBXFileReference; lastKnownFileType = sourcecode.swift; path = PasswordEntryModel.swift; sourceTree = "<group>"; };
		A5DB213C27E22B520070B444 /* urlTools.swift */ = {isa = PBXFileReference; lastKnownFileType = sourcecode.swift; path = urlTools.swift; sourceTree = "<group>"; };
		A5DB213F27E23D2D0070B444 /* StorageItemDetails.swift */ = {isa = PBXFileReference; lastKnownFileType = sourcecode.swift; path = StorageItemDetails.swift; sourceTree = "<group>"; };
		A5DB214227E3321C0070B444 /* StorageState.swift */ = {isa = PBXFileReference; lastKnownFileType = sourcecode.swift; path = StorageState.swift; sourceTree = "<group>"; };
		A5DB214527E37A690070B444 /* keyChain.swift */ = {isa = PBXFileReference; lastKnownFileType = sourcecode.swift; path = keyChain.swift; sourceTree = "<group>"; };
		A5DB214B27E8D7AA0070B444 /* authentication.swift */ = {isa = PBXFileReference; lastKnownFileType = sourcecode.swift; path = authentication.swift; sourceTree = "<group>"; };
		A5DB214E27EA2B420070B444 /* Popup.swift */ = {isa = PBXFileReference; lastKnownFileType = sourcecode.swift; path = Popup.swift; sourceTree = "<group>"; };
		A5DB215127EA2B690070B444 /* PopupWindow.swift */ = {isa = PBXFileReference; lastKnownFileType = sourcecode.swift; path = PopupWindow.swift; sourceTree = "<group>"; };
		A5DB215427EB10940070B444 /* PasswordGenerator.swift */ = {isa = PBXFileReference; lastKnownFileType = sourcecode.swift; path = PasswordGenerator.swift; sourceTree = "<group>"; };
		A5DB215A27EB2D8C0070B444 /* Switch.swift */ = {isa = PBXFileReference; lastKnownFileType = sourcecode.swift; path = Switch.swift; sourceTree = "<group>"; };
		A5DB215D27EB32D60070B444 /* passwordGenerator.swift */ = {isa = PBXFileReference; lastKnownFileType = sourcecode.swift; path = passwordGenerator.swift; sourceTree = "<group>"; };
		A5DB216127EDDECA0070B444 /* AuthenticationServices.framework */ = {isa = PBXFileReference; lastKnownFileType = wrapper.framework; name = AuthenticationServices.framework; path = Platforms/iPhoneOS.platform/Developer/SDKs/iPhoneOS15.2.sdk/System/Library/Frameworks/AuthenticationServices.framework; sourceTree = DEVELOPER_DIR; };
		A5DB216327EDE9FA0070B444 /* autoFill.swift */ = {isa = PBXFileReference; lastKnownFileType = sourcecode.swift; path = autoFill.swift; sourceTree = "<group>"; };
		A5DB216627EDFF0A0070B444 /* Mee Safari Extension.entitlements */ = {isa = PBXFileReference; lastKnownFileType = text.plist.entitlements; path = "Mee Safari Extension.entitlements"; sourceTree = "<group>"; };
		A5DB216C27F1B2260070B444 /* Mee Credential Provider.appex */ = {isa = PBXFileReference; explicitFileType = "wrapper.app-extension"; includeInIndex = 0; path = "Mee Credential Provider.appex"; sourceTree = BUILT_PRODUCTS_DIR; };
		A5DB216F27F1B2260070B444 /* CredentialProviderViewController.swift */ = {isa = PBXFileReference; lastKnownFileType = sourcecode.swift; path = CredentialProviderViewController.swift; sourceTree = "<group>"; };
		A5DB217427F1B2260070B444 /* Info.plist */ = {isa = PBXFileReference; lastKnownFileType = text.plist.xml; path = Info.plist; sourceTree = "<group>"; };
		A5DB217527F1B2260070B444 /* Mee_Credential_Provider.entitlements */ = {isa = PBXFileReference; lastKnownFileType = text.plist.entitlements; path = Mee_Credential_Provider.entitlements; sourceTree = "<group>"; };
		A5DB21CF27F3472E0070B444 /* Buttons.swift */ = {isa = PBXFileReference; lastKnownFileType = sourcecode.swift; path = Buttons.swift; sourceTree = "<group>"; };
/* End PBXFileReference section */

/* Begin PBXFrameworksBuildPhase section */
		946D2DE027BB9A960055175C /* Frameworks */ = {
			isa = PBXFrameworksBuildPhase;
			buildActionMask = 2147483647;
			files = (
				A5DB216227EDDECA0070B444 /* AuthenticationServices.framework in Frameworks */,
				A5DB214A27E37C040070B444 /* KeychainAccess in Frameworks */,
			);
			runOnlyForDeploymentPostprocessing = 0;
		};
		946D2DE627BB9A960055175C /* Frameworks */ = {
			isa = PBXFrameworksBuildPhase;
			buildActionMask = 2147483647;
			files = (
			);
			runOnlyForDeploymentPostprocessing = 0;
		};
		946D2DED27BB9A960055175C /* Frameworks */ = {
			isa = PBXFrameworksBuildPhase;
			buildActionMask = 2147483647;
			files = (
			);
			runOnlyForDeploymentPostprocessing = 0;
		};
		946D2DF927BB9A960055175C /* Frameworks */ = {
			isa = PBXFrameworksBuildPhase;
			buildActionMask = 2147483647;
			files = (
			);
			runOnlyForDeploymentPostprocessing = 0;
		};
		948AD54227BF8E0A00A98D88 /* Frameworks */ = {
			isa = PBXFrameworksBuildPhase;
			buildActionMask = 2147483647;
			files = (
				A5DB216727EDFF0B0070B444 /* AuthenticationServices.framework in Frameworks */,
			);
			runOnlyForDeploymentPostprocessing = 0;
		};
		A5DB216927F1B2260070B444 /* Frameworks */ = {
			isa = PBXFrameworksBuildPhase;
			buildActionMask = 2147483647;
			files = (
				A5DB21D627F47EF20070B444 /* KeychainAccess in Frameworks */,
				A5DB216D27F1B2260070B444 /* AuthenticationServices.framework in Frameworks */,
			);
			runOnlyForDeploymentPostprocessing = 0;
		};
/* End PBXFrameworksBuildPhase section */

/* Begin PBXGroup section */
		946D2DD627BB9A950055175C = {
			isa = PBXGroup;
			children = (
				948AD56427BF993A00A98D88 /* mee-ios-client (iOS).entitlements */,
				A550856C27BD243500C5A2D1 /* mee-ios-client--iOS--Info.plist */,
				A550856B27BD1C4E00C5A2D1 /* ios */,
				946D2DDB27BB9A960055175C /* Shared */,
				946D2DEA27BB9A960055175C /* macOS */,
				946D2DF327BB9A960055175C /* Tests iOS */,
				946D2DFF27BB9A960055175C /* Tests macOS */,
				948AD54627BF8E0A00A98D88 /* Mee Safari Extension */,
				A5DB216E27F1B2260070B444 /* Mee Credential Provider */,
				946D2DE427BB9A960055175C /* Products */,
				A5DB216027EDDECA0070B444 /* Frameworks */,
			);
			sourceTree = "<group>";
		};
		946D2DDB27BB9A960055175C /* Shared */ = {
			isa = PBXGroup;
			children = (
				A5DB213527E21D080070B444 /* extention */,
				A55085C727CF73E700C5A2D1 /* state */,
				A55085A527BFEB0B00C5A2D1 /* style */,
				A550856E27BD2E1400C5A2D1 /* helpers */,
				A550853227BD196D00C5A2D1 /* assets */,
				A550853127BD195F00C5A2D1 /* pages */,
				A550853027BD18CD00C5A2D1 /* model */,
				A550852F27BD18C200C5A2D1 /* components */,
				946D2DDC27BB9A960055175C /* mee_ios_clientApp.swift */,
				946D2DDD27BB9A960055175C /* ContentView.swift */,
				946D2DDE27BB9A960055175C /* Assets.xcassets */,
			);
			path = Shared;
			sourceTree = "<group>";
		};
		946D2DE427BB9A960055175C /* Products */ = {
			isa = PBXGroup;
			children = (
				946D2DE327BB9A960055175C /* mee-ios-client.app */,
				946D2DE927BB9A960055175C /* mee-ios-client.app */,
				946D2DF027BB9A960055175C /* Tests iOS.xctest */,
				946D2DFC27BB9A960055175C /* Tests macOS.xctest */,
				948AD54527BF8E0A00A98D88 /* Mee Safari Extension.appex */,
				A5DB216C27F1B2260070B444 /* Mee Credential Provider.appex */,
			);
			name = Products;
			sourceTree = "<group>";
		};
		946D2DEA27BB9A960055175C /* macOS */ = {
			isa = PBXGroup;
			children = (
				946D2DEB27BB9A960055175C /* macOS.entitlements */,
			);
			path = macOS;
			sourceTree = "<group>";
		};
		946D2DF327BB9A960055175C /* Tests iOS */ = {
			isa = PBXGroup;
			children = (
				946D2DF427BB9A960055175C /* Tests_iOS.swift */,
				946D2DF627BB9A960055175C /* Tests_iOSLaunchTests.swift */,
			);
			path = "Tests iOS";
			sourceTree = "<group>";
		};
		946D2DFF27BB9A960055175C /* Tests macOS */ = {
			isa = PBXGroup;
			children = (
				946D2E0027BB9A960055175C /* Tests_macOS.swift */,
				946D2E0227BB9A960055175C /* Tests_macOSLaunchTests.swift */,
			);
			path = "Tests macOS";
			sourceTree = "<group>";
		};
		948AD54627BF8E0A00A98D88 /* Mee Safari Extension */ = {
			isa = PBXGroup;
			children = (
				A5DB216627EDFF0A0070B444 /* Mee Safari Extension.entitlements */,
				948AD54727BF8E0A00A98D88 /* SafariWebExtensionHandler.swift */,
				948AD55A27BF8E0A00A98D88 /* Info.plist */,
				948AD54927BF8E0A00A98D88 /* Resources */,
			);
			path = "Mee Safari Extension";
			sourceTree = "<group>";
		};
		948AD54927BF8E0A00A98D88 /* Resources */ = {
			isa = PBXGroup;
			children = (
				948AD54A27BF8E0A00A98D88 /* _locales */,
				948AD54C27BF8E0A00A98D88 /* images */,
				948AD54E27BF8E0A00A98D88 /* manifest.json */,
				948AD55027BF8E0A00A98D88 /* background.js */,
				948AD55227BF8E0A00A98D88 /* content.js */,
				948AD55427BF8E0A00A98D88 /* popup.html */,
				948AD55627BF8E0A00A98D88 /* popup.css */,
				948AD55827BF8E0A00A98D88 /* popup.js */,
			);
			path = Resources;
			sourceTree = "<group>";
		};
		A550852F27BD18C200C5A2D1 /* components */ = {
			isa = PBXGroup;
			children = (
				A550857F27BD550000C5A2D1 /* Themes.swift */,
				A550858527BE3B1400C5A2D1 /* Line.swift */,
				A550858827BE46CE00C5A2D1 /* ConsentEntry.swift */,
				A550859127BFD40700C5A2D1 /* Background.swift */,
				A55085B227C3B4D100C5A2D1 /* SecureInputField.swift */,
				A55085B527C3B55400C5A2D1 /* InputField.swift */,
				A55085B827C3B61E00C5A2D1 /* MainButton.swift */,
				A55085BB27C3DA1A00C5A2D1 /* Text.swift */,
				A55085BE27C3E07200C5A2D1 /* SelectImage.swift */,
				A5DB212E27E1DF850070B444 /* StorageListItem.swift */,
				A5DB213F27E23D2D0070B444 /* StorageItemDetails.swift */,
				A5DB215127EA2B690070B444 /* PopupWindow.swift */,
				A5DB215427EB10940070B444 /* PasswordGenerator.swift */,
				A5DB215A27EB2D8C0070B444 /* Switch.swift */,
				A5A6F06427FB59F800BEDBDC /* PasswordGeneratorList.swift */,
				A5D30C85287C5AF100481E85 /* LoadingCircle.swift */,
				A5D30C8B287F0F2B00481E85 /* WebView.swift */,
				A5AA4CEB28A417BB00677ADD /* Expander.swift */,
				A5AA4CF128ABEBE700677ADD /* Checkbox.swift */,
			);
			path = components;
			sourceTree = "<group>";
		};
		A550853027BD18CD00C5A2D1 /* model */ = {
			isa = PBXGroup;
			children = (
				A550858B27BE4A7200C5A2D1 /* ConsentEntryModel.swift */,
				A55085C127CE33C500C5A2D1 /* SignupForm.swift */,
				A55085C427CE428100C5A2D1 /* LoginForm.swift */,
				A5DB213127E1F3F60070B444 /* PasswordEntryModel.swift */,
				A5A6F06627FC517600BEDBDC /* KeywordEntry.swift */,
			);
			path = model;
			sourceTree = "<group>";
		};
		A550853127BD195F00C5A2D1 /* pages */ = {
			isa = PBXGroup;
			children = (
				A550857227BD473B00C5A2D1 /* ConsentPage.swift */,
				A55085AC27C3AA0400C5A2D1 /* LoginPage.swift */,
				A55085AF27C3AA6000C5A2D1 /* SignUpPage.swift */,
				A53F79D227E08B9D00A62589 /* MainViewPage.swift */,
				A53F79D527E0D56800A62589 /* PasswordManagerPage.swift */,
				A5D30C822878624D00481E85 /* FirstRunPage.swift */,
				A5D30C88287DBD7300481E85 /* EmptyAppPage.swift */,
			);
			path = pages;
			sourceTree = "<group>";
		};
		A550853227BD196D00C5A2D1 /* assets */ = {
			isa = PBXGroup;
			children = (
				A550853327BD1A8400C5A2D1 /* fonts */,
			);
			path = assets;
			sourceTree = "<group>";
		};
		A550853327BD1A8400C5A2D1 /* fonts */ = {
			isa = PBXGroup;
			children = (
				A550856D27BD2CB600C5A2D1 /* publicSans */,
			);
			path = fonts;
			sourceTree = "<group>";
		};
		A550856B27BD1C4E00C5A2D1 /* ios */ = {
			isa = PBXGroup;
			children = (
				A5DB21E227F5A77D0070B444 /* helpers */,
			);
			path = ios;
			sourceTree = "<group>";
		};
		A550856D27BD2CB600C5A2D1 /* publicSans */ = {
			isa = PBXGroup;
			children = (
				A550854327BD1C4500C5A2D1 /* PublicSans-Black.ttf */,
				A550854227BD1C4500C5A2D1 /* PublicSans-BlackItalic.ttf */,
				A550854527BD1C4500C5A2D1 /* PublicSans-Bold.ttf */,
				A550854027BD1C4500C5A2D1 /* PublicSans-BoldItalic.ttf */,
				A550853B27BD1C4400C5A2D1 /* PublicSans-ExtraBold.ttf */,
				A550853A27BD1C4400C5A2D1 /* PublicSans-ExtraBoldItalic.ttf */,
				A550854427BD1C4500C5A2D1 /* PublicSans-ExtraLight.ttf */,
				A550853E27BD1C4500C5A2D1 /* PublicSans-ExtraLightItalic.ttf */,
				A550853827BD1C4400C5A2D1 /* PublicSans-Italic.ttf */,
				A550853F27BD1C4500C5A2D1 /* PublicSans-Light.ttf */,
				A550853D27BD1C4500C5A2D1 /* PublicSans-LightItalic.ttf */,
				A550853C27BD1C4500C5A2D1 /* PublicSans-Medium.ttf */,
				A550854627BD1C4600C5A2D1 /* PublicSans-MediumItalic.ttf */,
				A550853727BD1C4400C5A2D1 /* PublicSans-Regular.ttf */,
				A550853527BD1C4300C5A2D1 /* PublicSans-SemiBold.ttf */,
				A550853627BD1C4300C5A2D1 /* PublicSans-SemiBoldItalic.ttf */,
				A550854127BD1C4500C5A2D1 /* PublicSans-Thin.ttf */,
				A550853927BD1C4400C5A2D1 /* PublicSans-ThinItalic.ttf */,
			);
			path = publicSans;
			sourceTree = "<group>";
		};
		A550856E27BD2E1400C5A2D1 /* helpers */ = {
			isa = PBXGroup;
			children = (
				A550856F27BD2E3700C5A2D1 /* fontHelpers.swift */,
				A53F79C627D647B400A62589 /* validation.swift */,
				A53F79CC27DA1BBC00A62589 /* optionalBinding.swift */,
				A5DB213C27E22B520070B444 /* urlTools.swift */,
				A5DB214527E37A690070B444 /* keyChain.swift */,
				A5DB214B27E8D7AA0070B444 /* authentication.swift */,
				A5DB215D27EB32D60070B444 /* passwordGenerator.swift */,
				A5DB216327EDE9FA0070B444 /* autoFill.swift */,
			);
			path = helpers;
			sourceTree = "<group>";
		};
		A55085A527BFEB0B00C5A2D1 /* style */ = {
			isa = PBXGroup;
			children = (
				A55085A627BFEB1A00C5A2D1 /* ButtonStyle.swift */,
			);
			path = style;
			sourceTree = "<group>";
		};
		A55085C727CF73E700C5A2D1 /* state */ = {
			isa = PBXGroup;
			children = (
				A55085C827CF741500C5A2D1 /* CurrentPageState.swift */,
				A53F79CF27DA2DFC00A62589 /* ConsentState.swift */,
				A5DB214227E3321C0070B444 /* StorageState.swift */,
			);
			path = state;
			sourceTree = "<group>";
		};
		A5DB213527E21D080070B444 /* extention */ = {
			isa = PBXGroup;
			children = (
				A5DB214E27EA2B420070B444 /* Popup.swift */,
				A5AA4CEE28AAAAA400677ADD /* View.swift */,
			);
			path = extention;
			sourceTree = "<group>";
		};
		A5DB216027EDDECA0070B444 /* Frameworks */ = {
			isa = PBXGroup;
			children = (
				A5DB216127EDDECA0070B444 /* AuthenticationServices.framework */,
			);
			name = Frameworks;
			sourceTree = "<group>";
		};
		A5DB216E27F1B2260070B444 /* Mee Credential Provider */ = {
			isa = PBXGroup;
			children = (
				A5DB21CE27F347170070B444 /* components */,
				A5DB216F27F1B2260070B444 /* CredentialProviderViewController.swift */,
				A5DB217427F1B2260070B444 /* Info.plist */,
				A5DB217527F1B2260070B444 /* Mee_Credential_Provider.entitlements */,
			);
			path = "Mee Credential Provider";
			sourceTree = "<group>";
		};
		A5DB21CE27F347170070B444 /* components */ = {
			isa = PBXGroup;
			children = (
				A5DB21CF27F3472E0070B444 /* Buttons.swift */,
			);
			path = components;
			sourceTree = "<group>";
		};
		A5DB21E227F5A77D0070B444 /* helpers */ = {
			isa = PBXGroup;
			children = (
			);
			path = helpers;
			sourceTree = "<group>";
		};
/* End PBXGroup section */

/* Begin PBXNativeTarget section */
		946D2DE227BB9A960055175C /* mee-ios-client (iOS) */ = {
			isa = PBXNativeTarget;
			buildConfigurationList = 946D2E0C27BB9A960055175C /* Build configuration list for PBXNativeTarget "mee-ios-client (iOS)" */;
			buildPhases = (
				946D2DDF27BB9A960055175C /* Sources */,
				946D2DE027BB9A960055175C /* Frameworks */,
				946D2DE127BB9A960055175C /* Resources */,
				948AD55E27BF8E0A00A98D88 /* Embed App Extensions */,
			);
			buildRules = (
			);
			dependencies = (
				948AD55C27BF8E0A00A98D88 /* PBXTargetDependency */,
				A5DB217727F1B2260070B444 /* PBXTargetDependency */,
			);
			name = "mee-ios-client (iOS)";
			packageProductDependencies = (
				A5DB214927E37C040070B444 /* KeychainAccess */,
			);
			productName = "mee-ios-client (iOS)";
			productReference = 946D2DE327BB9A960055175C /* mee-ios-client.app */;
			productType = "com.apple.product-type.application";
		};
		946D2DE827BB9A960055175C /* mee-ios-client (macOS) */ = {
			isa = PBXNativeTarget;
			buildConfigurationList = 946D2E0F27BB9A960055175C /* Build configuration list for PBXNativeTarget "mee-ios-client (macOS)" */;
			buildPhases = (
				946D2DE527BB9A960055175C /* Sources */,
				946D2DE627BB9A960055175C /* Frameworks */,
				946D2DE727BB9A960055175C /* Resources */,
			);
			buildRules = (
			);
			dependencies = (
			);
			name = "mee-ios-client (macOS)";
			productName = "mee-ios-client (macOS)";
			productReference = 946D2DE927BB9A960055175C /* mee-ios-client.app */;
			productType = "com.apple.product-type.application";
		};
		946D2DEF27BB9A960055175C /* Tests iOS */ = {
			isa = PBXNativeTarget;
			buildConfigurationList = 946D2E1227BB9A960055175C /* Build configuration list for PBXNativeTarget "Tests iOS" */;
			buildPhases = (
				946D2DEC27BB9A960055175C /* Sources */,
				946D2DED27BB9A960055175C /* Frameworks */,
				946D2DEE27BB9A960055175C /* Resources */,
			);
			buildRules = (
			);
			dependencies = (
				946D2DF227BB9A960055175C /* PBXTargetDependency */,
			);
			name = "Tests iOS";
			productName = "Tests iOS";
			productReference = 946D2DF027BB9A960055175C /* Tests iOS.xctest */;
			productType = "com.apple.product-type.bundle.ui-testing";
		};
		946D2DFB27BB9A960055175C /* Tests macOS */ = {
			isa = PBXNativeTarget;
			buildConfigurationList = 946D2E1527BB9A960055175C /* Build configuration list for PBXNativeTarget "Tests macOS" */;
			buildPhases = (
				946D2DF827BB9A960055175C /* Sources */,
				946D2DF927BB9A960055175C /* Frameworks */,
				946D2DFA27BB9A960055175C /* Resources */,
			);
			buildRules = (
			);
			dependencies = (
				946D2DFE27BB9A960055175C /* PBXTargetDependency */,
			);
			name = "Tests macOS";
			productName = "Tests macOS";
			productReference = 946D2DFC27BB9A960055175C /* Tests macOS.xctest */;
			productType = "com.apple.product-type.bundle.ui-testing";
		};
		948AD54427BF8E0A00A98D88 /* Mee Safari Extension */ = {
			isa = PBXNativeTarget;
			buildConfigurationList = 948AD56127BF8E0A00A98D88 /* Build configuration list for PBXNativeTarget "Mee Safari Extension" */;
			buildPhases = (
				948AD54127BF8E0A00A98D88 /* Sources */,
				948AD54227BF8E0A00A98D88 /* Frameworks */,
				948AD54327BF8E0A00A98D88 /* Resources */,
			);
			buildRules = (
			);
			dependencies = (
			);
			name = "Mee Safari Extension";
			productName = "Mee Safari Extension";
			productReference = 948AD54527BF8E0A00A98D88 /* Mee Safari Extension.appex */;
			productType = "com.apple.product-type.app-extension";
		};
		A5DB216B27F1B2260070B444 /* Mee Credential Provider */ = {
			isa = PBXNativeTarget;
			buildConfigurationList = A5DB217927F1B2260070B444 /* Build configuration list for PBXNativeTarget "Mee Credential Provider" */;
			buildPhases = (
				A5DB216827F1B2260070B444 /* Sources */,
				A5DB216927F1B2260070B444 /* Frameworks */,
				A5DB216A27F1B2260070B444 /* Resources */,
			);
			buildRules = (
			);
			dependencies = (
			);
			name = "Mee Credential Provider";
			packageProductDependencies = (
				A5DB21D527F47EF20070B444 /* KeychainAccess */,
			);
			productName = "Mee Credential Provider";
			productReference = A5DB216C27F1B2260070B444 /* Mee Credential Provider.appex */;
			productType = "com.apple.product-type.app-extension";
		};
/* End PBXNativeTarget section */

/* Begin PBXProject section */
		946D2DD727BB9A950055175C /* Project object */ = {
			isa = PBXProject;
			attributes = {
				BuildIndependentTargetsInParallel = 1;
				LastSwiftUpdateCheck = 1320;
				LastUpgradeCheck = 1320;
				TargetAttributes = {
					946D2DE227BB9A960055175C = {
						CreatedOnToolsVersion = 13.1;
					};
					946D2DE827BB9A960055175C = {
						CreatedOnToolsVersion = 13.1;
					};
					946D2DEF27BB9A960055175C = {
						CreatedOnToolsVersion = 13.1;
						TestTargetID = 946D2DE227BB9A960055175C;
					};
					946D2DFB27BB9A960055175C = {
						CreatedOnToolsVersion = 13.1;
						TestTargetID = 946D2DE827BB9A960055175C;
					};
					948AD54427BF8E0A00A98D88 = {
						CreatedOnToolsVersion = 13.1;
					};
					A5DB216B27F1B2260070B444 = {
						CreatedOnToolsVersion = 13.2.1;
					};
				};
			};
			buildConfigurationList = 946D2DDA27BB9A950055175C /* Build configuration list for PBXProject "mee-ios-client" */;
			compatibilityVersion = "Xcode 13.0";
			developmentRegion = en;
			hasScannedForEncodings = 0;
			knownRegions = (
				en,
				Base,
			);
			mainGroup = 946D2DD627BB9A950055175C;
			packageReferences = (
				A5DB214827E37C040070B444 /* XCRemoteSwiftPackageReference "KeychainAccess" */,
			);
			productRefGroup = 946D2DE427BB9A960055175C /* Products */;
			projectDirPath = "";
			projectRoot = "";
			targets = (
				946D2DE227BB9A960055175C /* mee-ios-client (iOS) */,
				946D2DE827BB9A960055175C /* mee-ios-client (macOS) */,
				946D2DEF27BB9A960055175C /* Tests iOS */,
				946D2DFB27BB9A960055175C /* Tests macOS */,
				948AD54427BF8E0A00A98D88 /* Mee Safari Extension */,
				A5DB216B27F1B2260070B444 /* Mee Credential Provider */,
			);
		};
/* End PBXProject section */

/* Begin PBXResourcesBuildPhase section */
		946D2DE127BB9A960055175C /* Resources */ = {
			isa = PBXResourcesBuildPhase;
			buildActionMask = 2147483647;
			files = (
				946D2E0827BB9A960055175C /* Assets.xcassets in Resources */,
				A550854B27BD1C4600C5A2D1 /* PublicSans-Regular.ttf in Resources */,
				A550855327BD1C4600C5A2D1 /* PublicSans-ExtraBold.ttf in Resources */,
				A550855527BD1C4600C5A2D1 /* PublicSans-Medium.ttf in Resources */,
				A550854D27BD1C4600C5A2D1 /* PublicSans-Italic.ttf in Resources */,
				A550856727BD1C4600C5A2D1 /* PublicSans-Bold.ttf in Resources */,
				A550855F27BD1C4600C5A2D1 /* PublicSans-Thin.ttf in Resources */,
				A550855B27BD1C4600C5A2D1 /* PublicSans-Light.ttf in Resources */,
				A550855927BD1C4600C5A2D1 /* PublicSans-ExtraLightItalic.ttf in Resources */,
				A550855127BD1C4600C5A2D1 /* PublicSans-ExtraBoldItalic.ttf in Resources */,
				A550854727BD1C4600C5A2D1 /* PublicSans-SemiBold.ttf in Resources */,
				A550856527BD1C4600C5A2D1 /* PublicSans-ExtraLight.ttf in Resources */,
				A550854927BD1C4600C5A2D1 /* PublicSans-SemiBoldItalic.ttf in Resources */,
				A550856927BD1C4600C5A2D1 /* PublicSans-MediumItalic.ttf in Resources */,
				A550854F27BD1C4600C5A2D1 /* PublicSans-ThinItalic.ttf in Resources */,
				A550855D27BD1C4600C5A2D1 /* PublicSans-BoldItalic.ttf in Resources */,
				A550856127BD1C4600C5A2D1 /* PublicSans-BlackItalic.ttf in Resources */,
				A550856327BD1C4600C5A2D1 /* PublicSans-Black.ttf in Resources */,
				A550855727BD1C4600C5A2D1 /* PublicSans-LightItalic.ttf in Resources */,
			);
			runOnlyForDeploymentPostprocessing = 0;
		};
		946D2DE727BB9A960055175C /* Resources */ = {
			isa = PBXResourcesBuildPhase;
			buildActionMask = 2147483647;
			files = (
				946D2E0927BB9A960055175C /* Assets.xcassets in Resources */,
				A550854C27BD1C4600C5A2D1 /* PublicSans-Regular.ttf in Resources */,
				A550855427BD1C4600C5A2D1 /* PublicSans-ExtraBold.ttf in Resources */,
				A550855627BD1C4600C5A2D1 /* PublicSans-Medium.ttf in Resources */,
				A550854E27BD1C4600C5A2D1 /* PublicSans-Italic.ttf in Resources */,
				A550856827BD1C4600C5A2D1 /* PublicSans-Bold.ttf in Resources */,
				A550856027BD1C4600C5A2D1 /* PublicSans-Thin.ttf in Resources */,
				A550855C27BD1C4600C5A2D1 /* PublicSans-Light.ttf in Resources */,
				A550855A27BD1C4600C5A2D1 /* PublicSans-ExtraLightItalic.ttf in Resources */,
				A550855227BD1C4600C5A2D1 /* PublicSans-ExtraBoldItalic.ttf in Resources */,
				A550854827BD1C4600C5A2D1 /* PublicSans-SemiBold.ttf in Resources */,
				A550856627BD1C4600C5A2D1 /* PublicSans-ExtraLight.ttf in Resources */,
				A550854A27BD1C4600C5A2D1 /* PublicSans-SemiBoldItalic.ttf in Resources */,
				A550856A27BD1C4600C5A2D1 /* PublicSans-MediumItalic.ttf in Resources */,
				A550855027BD1C4600C5A2D1 /* PublicSans-ThinItalic.ttf in Resources */,
				A550855E27BD1C4600C5A2D1 /* PublicSans-BoldItalic.ttf in Resources */,
				A550856227BD1C4600C5A2D1 /* PublicSans-BlackItalic.ttf in Resources */,
				A550856427BD1C4600C5A2D1 /* PublicSans-Black.ttf in Resources */,
				A550855827BD1C4600C5A2D1 /* PublicSans-LightItalic.ttf in Resources */,
			);
			runOnlyForDeploymentPostprocessing = 0;
		};
		946D2DEE27BB9A960055175C /* Resources */ = {
			isa = PBXResourcesBuildPhase;
			buildActionMask = 2147483647;
			files = (
			);
			runOnlyForDeploymentPostprocessing = 0;
		};
		946D2DFA27BB9A960055175C /* Resources */ = {
			isa = PBXResourcesBuildPhase;
			buildActionMask = 2147483647;
			files = (
			);
			runOnlyForDeploymentPostprocessing = 0;
		};
		948AD54327BF8E0A00A98D88 /* Resources */ = {
			isa = PBXResourcesBuildPhase;
			buildActionMask = 2147483647;
			files = (
				948AD55127BF8E0A00A98D88 /* background.js in Resources */,
				948AD55727BF8E0A00A98D88 /* popup.css in Resources */,
				948AD55527BF8E0A00A98D88 /* popup.html in Resources */,
				948AD54D27BF8E0A00A98D88 /* images in Resources */,
				948AD54F27BF8E0A00A98D88 /* manifest.json in Resources */,
				948AD54B27BF8E0A00A98D88 /* _locales in Resources */,
				948AD55327BF8E0A00A98D88 /* content.js in Resources */,
				948AD55927BF8E0A00A98D88 /* popup.js in Resources */,
			);
			runOnlyForDeploymentPostprocessing = 0;
		};
		A5DB216A27F1B2260070B444 /* Resources */ = {
			isa = PBXResourcesBuildPhase;
			buildActionMask = 2147483647;
			files = (
				A5A6F06327F7075A00BEDBDC /* Assets.xcassets in Resources */,
				A5A6F05027F706CD00BEDBDC /* PublicSans-Black.ttf in Resources */,
				A5A6F05127F706CD00BEDBDC /* PublicSans-BlackItalic.ttf in Resources */,
				A5A6F05227F706CD00BEDBDC /* PublicSans-Bold.ttf in Resources */,
				A5A6F05327F706CD00BEDBDC /* PublicSans-BoldItalic.ttf in Resources */,
				A5A6F05427F706CD00BEDBDC /* PublicSans-ExtraBold.ttf in Resources */,
				A5A6F05527F706CD00BEDBDC /* PublicSans-ExtraBoldItalic.ttf in Resources */,
				A5A6F05627F706CD00BEDBDC /* PublicSans-ExtraLight.ttf in Resources */,
				A5A6F05727F706CD00BEDBDC /* PublicSans-ExtraLightItalic.ttf in Resources */,
				A5A6F05827F706CD00BEDBDC /* PublicSans-Italic.ttf in Resources */,
				A5A6F05927F706CD00BEDBDC /* PublicSans-Light.ttf in Resources */,
				A5A6F05A27F706CD00BEDBDC /* PublicSans-LightItalic.ttf in Resources */,
				A5A6F05B27F706CD00BEDBDC /* PublicSans-Medium.ttf in Resources */,
				A5A6F05C27F706CD00BEDBDC /* PublicSans-MediumItalic.ttf in Resources */,
				A5A6F05D27F706CD00BEDBDC /* PublicSans-Regular.ttf in Resources */,
				A5A6F05E27F706CD00BEDBDC /* PublicSans-SemiBold.ttf in Resources */,
				A5A6F05F27F706CD00BEDBDC /* PublicSans-SemiBoldItalic.ttf in Resources */,
				A5A6F06027F706CD00BEDBDC /* PublicSans-Thin.ttf in Resources */,
				A5A6F06127F706CD00BEDBDC /* PublicSans-ThinItalic.ttf in Resources */,
			);
			runOnlyForDeploymentPostprocessing = 0;
		};
/* End PBXResourcesBuildPhase section */

/* Begin PBXSourcesBuildPhase section */
		946D2DDF27BB9A960055175C /* Sources */ = {
			isa = PBXSourcesBuildPhase;
			buildActionMask = 2147483647;
			files = (
				A550857027BD2E3700C5A2D1 /* fontHelpers.swift in Sources */,
				A55085B027C3AA6000C5A2D1 /* SignUpPage.swift in Sources */,
				A5DB214027E23D2D0070B444 /* StorageItemDetails.swift in Sources */,
				A55085B327C3B4D100C5A2D1 /* SecureInputField.swift in Sources */,
				A55085BF27C3E07200C5A2D1 /* SelectImage.swift in Sources */,
				A5A6F06527FB59F800BEDBDC /* PasswordGeneratorList.swift in Sources */,
				A55085B627C3B55400C5A2D1 /* InputField.swift in Sources */,
				A5DB213D27E22B520070B444 /* urlTools.swift in Sources */,
				A53F79D027DA2DFC00A62589 /* ConsentState.swift in Sources */,
				A5DB215227EA2B690070B444 /* PopupWindow.swift in Sources */,
				A5D30C86287C5AF100481E85 /* LoadingCircle.swift in Sources */,
				A5DB214327E3321C0070B444 /* StorageState.swift in Sources */,
				A5DB214F27EA2B420070B444 /* Popup.swift in Sources */,
				A5DB214627E37A690070B444 /* keyChain.swift in Sources */,
				A53F79D327E08B9D00A62589 /* MainViewPage.swift in Sources */,
				A5DB216427EDE9FA0070B444 /* autoFill.swift in Sources */,
				A5DB215527EB10940070B444 /* PasswordGenerator.swift in Sources */,
				A550858027BD550000C5A2D1 /* Themes.swift in Sources */,
				946D2E0627BB9A960055175C /* ContentView.swift in Sources */,
				A5D30C89287DBD7300481E85 /* EmptyAppPage.swift in Sources */,
				A5AA4CEC28A417BB00677ADD /* Expander.swift in Sources */,
				A55085AD27C3AA0400C5A2D1 /* LoginPage.swift in Sources */,
				A5D30C8C287F0F2C00481E85 /* WebView.swift in Sources */,
				A550858C27BE4A7200C5A2D1 /* ConsentEntryModel.swift in Sources */,
				A5DB214C27E8D7AA0070B444 /* authentication.swift in Sources */,
				A53F79CD27DA1BBC00A62589 /* optionalBinding.swift in Sources */,
				A5DB212F27E1DF850070B444 /* StorageListItem.swift in Sources */,
				A5DB215B27EB2D8C0070B444 /* Switch.swift in Sources */,
				A550858627BE3B1400C5A2D1 /* Line.swift in Sources */,
				A5DB215E27EB32D60070B444 /* passwordGenerator.swift in Sources */,
				A550859227BFD40700C5A2D1 /* Background.swift in Sources */,
				A55085C227CE33C500C5A2D1 /* SignupForm.swift in Sources */,
				A5AA4CEF28AAAAA500677ADD /* View.swift in Sources */,
				A5AA4CF228ABEBE700677ADD /* Checkbox.swift in Sources */,
				A55085C927CF741600C5A2D1 /* CurrentPageState.swift in Sources */,
				A55085C527CE428200C5A2D1 /* LoginForm.swift in Sources */,
				A55085BC27C3DA1A00C5A2D1 /* Text.swift in Sources */,
				A550858927BE46CE00C5A2D1 /* ConsentEntry.swift in Sources */,
				A53F79C727D647B400A62589 /* validation.swift in Sources */,
				946D2E0427BB9A960055175C /* mee_ios_clientApp.swift in Sources */,
				A55085A727BFEB1A00C5A2D1 /* ButtonStyle.swift in Sources */,
				A550857327BD473B00C5A2D1 /* ConsentPage.swift in Sources */,
				A5A6F06727FC517600BEDBDC /* KeywordEntry.swift in Sources */,
				A5DB213227E1F3F60070B444 /* PasswordEntryModel.swift in Sources */,
				A55085B927C3B61E00C5A2D1 /* MainButton.swift in Sources */,
				A5D30C832878624D00481E85 /* FirstRunPage.swift in Sources */,
				A53F79D627E0D56800A62589 /* PasswordManagerPage.swift in Sources */,
			);
			runOnlyForDeploymentPostprocessing = 0;
		};
		946D2DE527BB9A960055175C /* Sources */ = {
			isa = PBXSourcesBuildPhase;
			buildActionMask = 2147483647;
			files = (
				A550857127BD2E3700C5A2D1 /* fontHelpers.swift in Sources */,
				A55085B127C3AA6000C5A2D1 /* SignUpPage.swift in Sources */,
				A5DB214127E23D2D0070B444 /* StorageItemDetails.swift in Sources */,
				A55085B427C3B4D100C5A2D1 /* SecureInputField.swift in Sources */,
				A55085C027C3E07200C5A2D1 /* SelectImage.swift in Sources */,
				A5AA4CED28A417BB00677ADD /* Expander.swift in Sources */,
				A55085B727C3B55400C5A2D1 /* InputField.swift in Sources */,
				A5DB213E27E22B520070B444 /* urlTools.swift in Sources */,
				A53F79D127DA2DFC00A62589 /* ConsentState.swift in Sources */,
				A5DB215327EA2B690070B444 /* PopupWindow.swift in Sources */,
				A5DB214427E3321C0070B444 /* StorageState.swift in Sources */,
				A5DB215027EA2B420070B444 /* Popup.swift in Sources */,
				A5DB214727E37A690070B444 /* keyChain.swift in Sources */,
				A53F79D427E08B9D00A62589 /* MainViewPage.swift in Sources */,
				A5D30C842878624D00481E85 /* FirstRunPage.swift in Sources */,
				A5DB216527EDE9FA0070B444 /* autoFill.swift in Sources */,
				A5DB215627EB10940070B444 /* PasswordGenerator.swift in Sources */,
				A550858127BD550000C5A2D1 /* Themes.swift in Sources */,
				946D2E0727BB9A960055175C /* ContentView.swift in Sources */,
				A55085AE27C3AA0400C5A2D1 /* LoginPage.swift in Sources */,
				A5AA4CF028AAAAA500677ADD /* View.swift in Sources */,
				A550858D27BE4A7200C5A2D1 /* ConsentEntryModel.swift in Sources */,
				A5DB214D27E8D7AA0070B444 /* authentication.swift in Sources */,
				A53F79CE27DA1BBC00A62589 /* optionalBinding.swift in Sources */,
				A5DB213027E1DF850070B444 /* StorageListItem.swift in Sources */,
				A5DB215C27EB2D8C0070B444 /* Switch.swift in Sources */,
				A550858727BE3B1400C5A2D1 /* Line.swift in Sources */,
				A5DB215F27EB32D60070B444 /* passwordGenerator.swift in Sources */,
				A550859327BFD40700C5A2D1 /* Background.swift in Sources */,
				A5AA4CF328ABEBE800677ADD /* Checkbox.swift in Sources */,
				A5D30C8D287F0F2C00481E85 /* WebView.swift in Sources */,
				A55085C327CE33C500C5A2D1 /* SignupForm.swift in Sources */,
				A55085CA27CF741600C5A2D1 /* CurrentPageState.swift in Sources */,
				A55085C627CE428200C5A2D1 /* LoginForm.swift in Sources */,
				A5D30C87287C5AF100481E85 /* LoadingCircle.swift in Sources */,
				A55085BD27C3DA1A00C5A2D1 /* Text.swift in Sources */,
				A550858A27BE46CE00C5A2D1 /* ConsentEntry.swift in Sources */,
				A53F79C827D647B400A62589 /* validation.swift in Sources */,
				946D2E0527BB9A960055175C /* mee_ios_clientApp.swift in Sources */,
				A5D30C8A287DBD7300481E85 /* EmptyAppPage.swift in Sources */,
				A55085A827BFEB1A00C5A2D1 /* ButtonStyle.swift in Sources */,
				A550857427BD473B00C5A2D1 /* ConsentPage.swift in Sources */,
				A5DB213327E1F3F60070B444 /* PasswordEntryModel.swift in Sources */,
				A55085BA27C3B61E00C5A2D1 /* MainButton.swift in Sources */,
				A53F79D727E0D56800A62589 /* PasswordManagerPage.swift in Sources */,
			);
			runOnlyForDeploymentPostprocessing = 0;
		};
		946D2DEC27BB9A960055175C /* Sources */ = {
			isa = PBXSourcesBuildPhase;
			buildActionMask = 2147483647;
			files = (
				946D2DF727BB9A960055175C /* Tests_iOSLaunchTests.swift in Sources */,
				946D2DF527BB9A960055175C /* Tests_iOS.swift in Sources */,
			);
			runOnlyForDeploymentPostprocessing = 0;
		};
		946D2DF827BB9A960055175C /* Sources */ = {
			isa = PBXSourcesBuildPhase;
			buildActionMask = 2147483647;
			files = (
				946D2E0327BB9A960055175C /* Tests_macOSLaunchTests.swift in Sources */,
				946D2E0127BB9A960055175C /* Tests_macOS.swift in Sources */,
			);
			runOnlyForDeploymentPostprocessing = 0;
		};
		948AD54127BF8E0A00A98D88 /* Sources */ = {
			isa = PBXSourcesBuildPhase;
			buildActionMask = 2147483647;
			files = (
				948AD54827BF8E0A00A98D88 /* SafariWebExtensionHandler.swift in Sources */,
			);
			runOnlyForDeploymentPostprocessing = 0;
		};
		A5DB216827F1B2260070B444 /* Sources */ = {
			isa = PBXSourcesBuildPhase;
			buildActionMask = 2147483647;
			files = (
				A5A6F04F27F6E8A500BEDBDC /* urlTools.swift in Sources */,
				A5A6F04E27F602E000BEDBDC /* Switch.swift in Sources */,
				A5A6F04D27F5E39100BEDBDC /* MainButton.swift in Sources */,
				A5A6F04C27F5DFB700BEDBDC /* authentication.swift in Sources */,
				A5DB21E127F5A4470070B444 /* fontHelpers.swift in Sources */,
				A5DB21E027F5A40C0070B444 /* Text.swift in Sources */,
				A5DB21DF27F5A38F0070B444 /* ButtonStyle.swift in Sources */,
				A5DB21DE27F59B110070B444 /* Themes.swift in Sources */,
				A5DB21DC27F597C00070B444 /* Buttons.swift in Sources */,
				A5DB21D227F47D810070B444 /* PasswordEntryModel.swift in Sources */,
				A5DB21D127F47D0D0070B444 /* keyChain.swift in Sources */,
				A5DB217027F1B2260070B444 /* CredentialProviderViewController.swift in Sources */,
			);
			runOnlyForDeploymentPostprocessing = 0;
		};
/* End PBXSourcesBuildPhase section */

/* Begin PBXTargetDependency section */
		946D2DF227BB9A960055175C /* PBXTargetDependency */ = {
			isa = PBXTargetDependency;
			target = 946D2DE227BB9A960055175C /* mee-ios-client (iOS) */;
			targetProxy = 946D2DF127BB9A960055175C /* PBXContainerItemProxy */;
		};
		946D2DFE27BB9A960055175C /* PBXTargetDependency */ = {
			isa = PBXTargetDependency;
			target = 946D2DE827BB9A960055175C /* mee-ios-client (macOS) */;
			targetProxy = 946D2DFD27BB9A960055175C /* PBXContainerItemProxy */;
		};
		948AD55C27BF8E0A00A98D88 /* PBXTargetDependency */ = {
			isa = PBXTargetDependency;
			target = 948AD54427BF8E0A00A98D88 /* Mee Safari Extension */;
			targetProxy = 948AD55B27BF8E0A00A98D88 /* PBXContainerItemProxy */;
		};
		A5DB217727F1B2260070B444 /* PBXTargetDependency */ = {
			isa = PBXTargetDependency;
			target = A5DB216B27F1B2260070B444 /* Mee Credential Provider */;
			targetProxy = A5DB217627F1B2260070B444 /* PBXContainerItemProxy */;
		};
/* End PBXTargetDependency section */

/* Begin XCBuildConfiguration section */
		946D2E0A27BB9A960055175C /* Debug */ = {
			isa = XCBuildConfiguration;
			buildSettings = {
				ALWAYS_SEARCH_USER_PATHS = NO;
				CLANG_ANALYZER_NONNULL = YES;
				CLANG_ANALYZER_NUMBER_OBJECT_CONVERSION = YES_AGGRESSIVE;
				CLANG_CXX_LANGUAGE_STANDARD = "gnu++17";
				CLANG_CXX_LIBRARY = "libc++";
				CLANG_ENABLE_MODULES = YES;
				CLANG_ENABLE_OBJC_ARC = YES;
				CLANG_ENABLE_OBJC_WEAK = YES;
				CLANG_WARN_BLOCK_CAPTURE_AUTORELEASING = YES;
				CLANG_WARN_BOOL_CONVERSION = YES;
				CLANG_WARN_COMMA = YES;
				CLANG_WARN_CONSTANT_CONVERSION = YES;
				CLANG_WARN_DEPRECATED_OBJC_IMPLEMENTATIONS = YES;
				CLANG_WARN_DIRECT_OBJC_ISA_USAGE = YES_ERROR;
				CLANG_WARN_DOCUMENTATION_COMMENTS = YES;
				CLANG_WARN_EMPTY_BODY = YES;
				CLANG_WARN_ENUM_CONVERSION = YES;
				CLANG_WARN_INFINITE_RECURSION = YES;
				CLANG_WARN_INT_CONVERSION = YES;
				CLANG_WARN_NON_LITERAL_NULL_CONVERSION = YES;
				CLANG_WARN_OBJC_IMPLICIT_RETAIN_SELF = YES;
				CLANG_WARN_OBJC_LITERAL_CONVERSION = YES;
				CLANG_WARN_OBJC_ROOT_CLASS = YES_ERROR;
				CLANG_WARN_QUOTED_INCLUDE_IN_FRAMEWORK_HEADER = YES;
				CLANG_WARN_RANGE_LOOP_ANALYSIS = YES;
				CLANG_WARN_STRICT_PROTOTYPES = YES;
				CLANG_WARN_SUSPICIOUS_MOVE = YES;
				CLANG_WARN_UNGUARDED_AVAILABILITY = YES_AGGRESSIVE;
				CLANG_WARN_UNREACHABLE_CODE = YES;
				CLANG_WARN__DUPLICATE_METHOD_MATCH = YES;
				COPY_PHASE_STRIP = NO;
				DEBUG_INFORMATION_FORMAT = dwarf;
				ENABLE_STRICT_OBJC_MSGSEND = YES;
				ENABLE_TESTABILITY = YES;
				GCC_C_LANGUAGE_STANDARD = gnu11;
				GCC_DYNAMIC_NO_PIC = NO;
				GCC_NO_COMMON_BLOCKS = YES;
				GCC_OPTIMIZATION_LEVEL = 0;
				GCC_PREPROCESSOR_DEFINITIONS = (
					"DEBUG=1",
					"$(inherited)",
				);
				GCC_WARN_64_TO_32_BIT_CONVERSION = YES;
				GCC_WARN_ABOUT_RETURN_TYPE = YES_ERROR;
				GCC_WARN_UNDECLARED_SELECTOR = YES;
				GCC_WARN_UNINITIALIZED_AUTOS = YES_AGGRESSIVE;
				GCC_WARN_UNUSED_FUNCTION = YES;
				GCC_WARN_UNUSED_VARIABLE = YES;
				MTL_ENABLE_DEBUG_INFO = INCLUDE_SOURCE;
				MTL_FAST_MATH = YES;
				ONLY_ACTIVE_ARCH = YES;
				SWIFT_ACTIVE_COMPILATION_CONDITIONS = DEBUG;
				SWIFT_OPTIMIZATION_LEVEL = "-Onone";
			};
			name = Debug;
		};
		946D2E0B27BB9A960055175C /* Release */ = {
			isa = XCBuildConfiguration;
			buildSettings = {
				ALWAYS_SEARCH_USER_PATHS = NO;
				CLANG_ANALYZER_NONNULL = YES;
				CLANG_ANALYZER_NUMBER_OBJECT_CONVERSION = YES_AGGRESSIVE;
				CLANG_CXX_LANGUAGE_STANDARD = "gnu++17";
				CLANG_CXX_LIBRARY = "libc++";
				CLANG_ENABLE_MODULES = YES;
				CLANG_ENABLE_OBJC_ARC = YES;
				CLANG_ENABLE_OBJC_WEAK = YES;
				CLANG_WARN_BLOCK_CAPTURE_AUTORELEASING = YES;
				CLANG_WARN_BOOL_CONVERSION = YES;
				CLANG_WARN_COMMA = YES;
				CLANG_WARN_CONSTANT_CONVERSION = YES;
				CLANG_WARN_DEPRECATED_OBJC_IMPLEMENTATIONS = YES;
				CLANG_WARN_DIRECT_OBJC_ISA_USAGE = YES_ERROR;
				CLANG_WARN_DOCUMENTATION_COMMENTS = YES;
				CLANG_WARN_EMPTY_BODY = YES;
				CLANG_WARN_ENUM_CONVERSION = YES;
				CLANG_WARN_INFINITE_RECURSION = YES;
				CLANG_WARN_INT_CONVERSION = YES;
				CLANG_WARN_NON_LITERAL_NULL_CONVERSION = YES;
				CLANG_WARN_OBJC_IMPLICIT_RETAIN_SELF = YES;
				CLANG_WARN_OBJC_LITERAL_CONVERSION = YES;
				CLANG_WARN_OBJC_ROOT_CLASS = YES_ERROR;
				CLANG_WARN_QUOTED_INCLUDE_IN_FRAMEWORK_HEADER = YES;
				CLANG_WARN_RANGE_LOOP_ANALYSIS = YES;
				CLANG_WARN_STRICT_PROTOTYPES = YES;
				CLANG_WARN_SUSPICIOUS_MOVE = YES;
				CLANG_WARN_UNGUARDED_AVAILABILITY = YES_AGGRESSIVE;
				CLANG_WARN_UNREACHABLE_CODE = YES;
				CLANG_WARN__DUPLICATE_METHOD_MATCH = YES;
				COPY_PHASE_STRIP = NO;
				DEBUG_INFORMATION_FORMAT = "dwarf-with-dsym";
				ENABLE_NS_ASSERTIONS = NO;
				ENABLE_STRICT_OBJC_MSGSEND = YES;
				GCC_C_LANGUAGE_STANDARD = gnu11;
				GCC_NO_COMMON_BLOCKS = YES;
				GCC_WARN_64_TO_32_BIT_CONVERSION = YES;
				GCC_WARN_ABOUT_RETURN_TYPE = YES_ERROR;
				GCC_WARN_UNDECLARED_SELECTOR = YES;
				GCC_WARN_UNINITIALIZED_AUTOS = YES_AGGRESSIVE;
				GCC_WARN_UNUSED_FUNCTION = YES;
				GCC_WARN_UNUSED_VARIABLE = YES;
				MTL_ENABLE_DEBUG_INFO = NO;
				MTL_FAST_MATH = YES;
				SWIFT_COMPILATION_MODE = wholemodule;
				SWIFT_OPTIMIZATION_LEVEL = "-O";
			};
			name = Release;
		};
		946D2E0D27BB9A960055175C /* Debug */ = {
			isa = XCBuildConfiguration;
			buildSettings = {
				ALWAYS_EMBED_SWIFT_STANDARD_LIBRARIES = YES;
				ASSETCATALOG_COMPILER_APPICON_NAME = AppIcon;
				ASSETCATALOG_COMPILER_GLOBAL_ACCENT_COLOR_NAME = AccentColor;
				CODE_SIGN_ENTITLEMENTS = "mee-ios-client (iOS).entitlements";
				CODE_SIGN_IDENTITY = "Apple Development";
				CODE_SIGN_STYLE = Automatic;
				CURRENT_PROJECT_VERSION = 1;
				DEVELOPMENT_TEAM = 59TG46326T;
				ENABLE_PREVIEWS = YES;
				GENERATE_INFOPLIST_FILE = YES;
				INFOPLIST_FILE = "mee-ios-client--iOS--Info.plist";
				INFOPLIST_KEY_CFBundleDisplayName = "Mee Client";
				INFOPLIST_KEY_NSFaceIDUsageDescription = "We need to unlock your data";
				INFOPLIST_KEY_UIApplicationSceneManifest_Generation = YES;
				INFOPLIST_KEY_UIApplicationSupportsIndirectInputEvents = YES;
				INFOPLIST_KEY_UILaunchScreen_Generation = YES;
				INFOPLIST_KEY_UISupportedInterfaceOrientations_iPad = "UIInterfaceOrientationPortrait UIInterfaceOrientationPortraitUpsideDown UIInterfaceOrientationLandscapeLeft UIInterfaceOrientationLandscapeRight";
				INFOPLIST_KEY_UISupportedInterfaceOrientations_iPhone = "UIInterfaceOrientationPortrait UIInterfaceOrientationLandscapeLeft UIInterfaceOrientationLandscapeRight";
				IPHONEOS_DEPLOYMENT_TARGET = 15.0;
				LD_RUNPATH_SEARCH_PATHS = (
					"$(inherited)",
					"@executable_path/Frameworks",
				);
				MARKETING_VERSION = 1.0;
				PRODUCT_BUNDLE_IDENTIFIER = "org.getmee.ios-client";
				PRODUCT_NAME = "mee-ios-client";
				PROVISIONING_PROFILE_SPECIFIER = "";
				SDKROOT = iphoneos;
				SWIFT_EMIT_LOC_STRINGS = YES;
				SWIFT_VERSION = 5.0;
				TARGETED_DEVICE_FAMILY = "1,2";
			};
			name = Debug;
		};
		946D2E0E27BB9A960055175C /* Release */ = {
			isa = XCBuildConfiguration;
			buildSettings = {
				ALWAYS_EMBED_SWIFT_STANDARD_LIBRARIES = YES;
				ASSETCATALOG_COMPILER_APPICON_NAME = AppIcon;
				ASSETCATALOG_COMPILER_GLOBAL_ACCENT_COLOR_NAME = AccentColor;
				CODE_SIGN_ENTITLEMENTS = "mee-ios-client (iOS).entitlements";
				CODE_SIGN_IDENTITY = "Apple Development";
				CODE_SIGN_STYLE = Automatic;
				CURRENT_PROJECT_VERSION = 1;
				DEVELOPMENT_TEAM = 59TG46326T;
				ENABLE_PREVIEWS = YES;
				GENERATE_INFOPLIST_FILE = YES;
				INFOPLIST_FILE = "mee-ios-client--iOS--Info.plist";
				INFOPLIST_KEY_CFBundleDisplayName = "Mee Client";
				INFOPLIST_KEY_NSFaceIDUsageDescription = "We need to unlock your data";
				INFOPLIST_KEY_UIApplicationSceneManifest_Generation = YES;
				INFOPLIST_KEY_UIApplicationSupportsIndirectInputEvents = YES;
				INFOPLIST_KEY_UILaunchScreen_Generation = YES;
				INFOPLIST_KEY_UISupportedInterfaceOrientations_iPad = "UIInterfaceOrientationPortrait UIInterfaceOrientationPortraitUpsideDown UIInterfaceOrientationLandscapeLeft UIInterfaceOrientationLandscapeRight";
				INFOPLIST_KEY_UISupportedInterfaceOrientations_iPhone = "UIInterfaceOrientationPortrait UIInterfaceOrientationLandscapeLeft UIInterfaceOrientationLandscapeRight";
				IPHONEOS_DEPLOYMENT_TARGET = 15.0;
				LD_RUNPATH_SEARCH_PATHS = (
					"$(inherited)",
					"@executable_path/Frameworks",
				);
				MARKETING_VERSION = 1.0;
				PRODUCT_BUNDLE_IDENTIFIER = "org.getmee.ios-client";
				PRODUCT_NAME = "mee-ios-client";
				PROVISIONING_PROFILE_SPECIFIER = "";
				SDKROOT = iphoneos;
				SWIFT_EMIT_LOC_STRINGS = YES;
				SWIFT_VERSION = 5.0;
				TARGETED_DEVICE_FAMILY = "1,2";
				VALIDATE_PRODUCT = YES;
			};
			name = Release;
		};
		946D2E1027BB9A960055175C /* Debug */ = {
			isa = XCBuildConfiguration;
			buildSettings = {
				ASSETCATALOG_COMPILER_APPICON_NAME = AppIcon;
				ASSETCATALOG_COMPILER_GLOBAL_ACCENT_COLOR_NAME = AccentColor;
				CODE_SIGN_ENTITLEMENTS = macOS/macOS.entitlements;
				CODE_SIGN_IDENTITY = "-";
				CODE_SIGN_STYLE = Automatic;
				COMBINE_HIDPI_IMAGES = YES;
				CURRENT_PROJECT_VERSION = 1;
				DEVELOPMENT_TEAM = 4UGU9PNWK8;
				ENABLE_HARDENED_RUNTIME = YES;
				ENABLE_PREVIEWS = YES;
				GENERATE_INFOPLIST_FILE = YES;
				INFOPLIST_KEY_NSHumanReadableCopyright = "";
				LD_RUNPATH_SEARCH_PATHS = (
					"$(inherited)",
					"@executable_path/../Frameworks",
				);
				MACOSX_DEPLOYMENT_TARGET = 12.0;
				MARKETING_VERSION = 1.0;
				PRODUCT_BUNDLE_IDENTIFIER = "com.privo.mee-ios-client";
				PRODUCT_NAME = "mee-ios-client";
				SDKROOT = macosx;
				SWIFT_EMIT_LOC_STRINGS = YES;
				SWIFT_VERSION = 5.0;
			};
			name = Debug;
		};
		946D2E1127BB9A960055175C /* Release */ = {
			isa = XCBuildConfiguration;
			buildSettings = {
				ASSETCATALOG_COMPILER_APPICON_NAME = AppIcon;
				ASSETCATALOG_COMPILER_GLOBAL_ACCENT_COLOR_NAME = AccentColor;
				CODE_SIGN_ENTITLEMENTS = macOS/macOS.entitlements;
				CODE_SIGN_IDENTITY = "-";
				CODE_SIGN_STYLE = Automatic;
				COMBINE_HIDPI_IMAGES = YES;
				CURRENT_PROJECT_VERSION = 1;
				DEVELOPMENT_TEAM = 4UGU9PNWK8;
				ENABLE_HARDENED_RUNTIME = YES;
				ENABLE_PREVIEWS = YES;
				GENERATE_INFOPLIST_FILE = YES;
				INFOPLIST_KEY_NSHumanReadableCopyright = "";
				LD_RUNPATH_SEARCH_PATHS = (
					"$(inherited)",
					"@executable_path/../Frameworks",
				);
				MACOSX_DEPLOYMENT_TARGET = 12.0;
				MARKETING_VERSION = 1.0;
				PRODUCT_BUNDLE_IDENTIFIER = "com.privo.mee-ios-client";
				PRODUCT_NAME = "mee-ios-client";
				SDKROOT = macosx;
				SWIFT_EMIT_LOC_STRINGS = YES;
				SWIFT_VERSION = 5.0;
			};
			name = Release;
		};
		946D2E1327BB9A960055175C /* Debug */ = {
			isa = XCBuildConfiguration;
			buildSettings = {
				ALWAYS_EMBED_SWIFT_STANDARD_LIBRARIES = YES;
				CODE_SIGN_STYLE = Automatic;
				CURRENT_PROJECT_VERSION = 1;
				DEVELOPMENT_TEAM = 4UGU9PNWK8;
				GENERATE_INFOPLIST_FILE = YES;
				IPHONEOS_DEPLOYMENT_TARGET = 15.0;
				LD_RUNPATH_SEARCH_PATHS = (
					"$(inherited)",
					"@executable_path/Frameworks",
					"@loader_path/Frameworks",
				);
				MARKETING_VERSION = 1.0;
				PRODUCT_BUNDLE_IDENTIFIER = "com.privo.Tests-iOS";
				PRODUCT_NAME = "$(TARGET_NAME)";
				SDKROOT = iphoneos;
				SWIFT_EMIT_LOC_STRINGS = NO;
				SWIFT_VERSION = 5.0;
				TARGETED_DEVICE_FAMILY = "1,2";
				TEST_TARGET_NAME = "mee-ios-client (iOS)";
			};
			name = Debug;
		};
		946D2E1427BB9A960055175C /* Release */ = {
			isa = XCBuildConfiguration;
			buildSettings = {
				ALWAYS_EMBED_SWIFT_STANDARD_LIBRARIES = YES;
				CODE_SIGN_STYLE = Automatic;
				CURRENT_PROJECT_VERSION = 1;
				DEVELOPMENT_TEAM = 4UGU9PNWK8;
				GENERATE_INFOPLIST_FILE = YES;
				IPHONEOS_DEPLOYMENT_TARGET = 15.0;
				LD_RUNPATH_SEARCH_PATHS = (
					"$(inherited)",
					"@executable_path/Frameworks",
					"@loader_path/Frameworks",
				);
				MARKETING_VERSION = 1.0;
				PRODUCT_BUNDLE_IDENTIFIER = "com.privo.Tests-iOS";
				PRODUCT_NAME = "$(TARGET_NAME)";
				SDKROOT = iphoneos;
				SWIFT_EMIT_LOC_STRINGS = NO;
				SWIFT_VERSION = 5.0;
				TARGETED_DEVICE_FAMILY = "1,2";
				TEST_TARGET_NAME = "mee-ios-client (iOS)";
				VALIDATE_PRODUCT = YES;
			};
			name = Release;
		};
		946D2E1627BB9A960055175C /* Debug */ = {
			isa = XCBuildConfiguration;
			buildSettings = {
				ALWAYS_EMBED_SWIFT_STANDARD_LIBRARIES = YES;
				CODE_SIGN_STYLE = Automatic;
				COMBINE_HIDPI_IMAGES = YES;
				CURRENT_PROJECT_VERSION = 1;
				DEVELOPMENT_TEAM = 4UGU9PNWK8;
				GENERATE_INFOPLIST_FILE = YES;
				LD_RUNPATH_SEARCH_PATHS = (
					"$(inherited)",
					"@executable_path/../Frameworks",
					"@loader_path/../Frameworks",
				);
				MACOSX_DEPLOYMENT_TARGET = 12.0;
				MARKETING_VERSION = 1.0;
				PRODUCT_BUNDLE_IDENTIFIER = "com.privo.Tests-macOS";
				PRODUCT_NAME = "$(TARGET_NAME)";
				SDKROOT = macosx;
				SWIFT_EMIT_LOC_STRINGS = NO;
				SWIFT_VERSION = 5.0;
				TEST_TARGET_NAME = "mee-ios-client (macOS)";
			};
			name = Debug;
		};
		946D2E1727BB9A960055175C /* Release */ = {
			isa = XCBuildConfiguration;
			buildSettings = {
				ALWAYS_EMBED_SWIFT_STANDARD_LIBRARIES = YES;
				CODE_SIGN_STYLE = Automatic;
				COMBINE_HIDPI_IMAGES = YES;
				CURRENT_PROJECT_VERSION = 1;
				DEVELOPMENT_TEAM = 4UGU9PNWK8;
				GENERATE_INFOPLIST_FILE = YES;
				LD_RUNPATH_SEARCH_PATHS = (
					"$(inherited)",
					"@executable_path/../Frameworks",
					"@loader_path/../Frameworks",
				);
				MACOSX_DEPLOYMENT_TARGET = 12.0;
				MARKETING_VERSION = 1.0;
				PRODUCT_BUNDLE_IDENTIFIER = "com.privo.Tests-macOS";
				PRODUCT_NAME = "$(TARGET_NAME)";
				SDKROOT = macosx;
				SWIFT_EMIT_LOC_STRINGS = NO;
				SWIFT_VERSION = 5.0;
				TEST_TARGET_NAME = "mee-ios-client (macOS)";
			};
			name = Release;
		};
		948AD55F27BF8E0A00A98D88 /* Debug */ = {
			isa = XCBuildConfiguration;
			buildSettings = {
				CODE_SIGN_ENTITLEMENTS = "Mee Safari Extension/Mee Safari Extension.entitlements";
				CODE_SIGN_STYLE = Automatic;
				CURRENT_PROJECT_VERSION = 1;
				DEVELOPMENT_TEAM = 4UGU9PNWK8;
				GENERATE_INFOPLIST_FILE = YES;
				INFOPLIST_FILE = "Mee Safari Extension/Info.plist";
				INFOPLIST_KEY_CFBundleDisplayName = "Mee Safari Extension";
				INFOPLIST_KEY_NSHumanReadableCopyright = "";
				IPHONEOS_DEPLOYMENT_TARGET = 15.0;
				LD_RUNPATH_SEARCH_PATHS = (
					"$(inherited)",
					"@executable_path/Frameworks",
					"@executable_path/../../Frameworks",
				);
				MARKETING_VERSION = 1.0;
				OTHER_LDFLAGS = (
					"-framework",
					SafariServices,
				);
				PRODUCT_BUNDLE_IDENTIFIER = "org.getmee.ios-client.safari-extension";
				PRODUCT_NAME = "$(TARGET_NAME)";
				SDKROOT = iphoneos;
				SKIP_INSTALL = YES;
				SWIFT_EMIT_LOC_STRINGS = YES;
				SWIFT_VERSION = 5.0;
				TARGETED_DEVICE_FAMILY = "1,2";
			};
			name = Debug;
		};
		948AD56027BF8E0A00A98D88 /* Release */ = {
			isa = XCBuildConfiguration;
			buildSettings = {
				CODE_SIGN_ENTITLEMENTS = "Mee Safari Extension/Mee Safari Extension.entitlements";
				CODE_SIGN_STYLE = Automatic;
				CURRENT_PROJECT_VERSION = 1;
				DEVELOPMENT_TEAM = 4UGU9PNWK8;
				GENERATE_INFOPLIST_FILE = YES;
				INFOPLIST_FILE = "Mee Safari Extension/Info.plist";
				INFOPLIST_KEY_CFBundleDisplayName = "Mee Safari Extension";
				INFOPLIST_KEY_NSHumanReadableCopyright = "";
				IPHONEOS_DEPLOYMENT_TARGET = 15.0;
				LD_RUNPATH_SEARCH_PATHS = (
					"$(inherited)",
					"@executable_path/Frameworks",
					"@executable_path/../../Frameworks",
				);
				MARKETING_VERSION = 1.0;
				OTHER_LDFLAGS = (
					"-framework",
					SafariServices,
				);
				PRODUCT_BUNDLE_IDENTIFIER = "org.getmee.ios-client.safari-extension";
				PRODUCT_NAME = "$(TARGET_NAME)";
				SDKROOT = iphoneos;
				SKIP_INSTALL = YES;
				SWIFT_EMIT_LOC_STRINGS = YES;
				SWIFT_VERSION = 5.0;
				TARGETED_DEVICE_FAMILY = "1,2";
				VALIDATE_PRODUCT = YES;
			};
			name = Release;
		};
		A5DB217A27F1B2260070B444 /* Debug */ = {
			isa = XCBuildConfiguration;
			buildSettings = {
				ALWAYS_EMBED_SWIFT_STANDARD_LIBRARIES = YES;
				CODE_SIGN_ENTITLEMENTS = "Mee Credential Provider/Mee_Credential_Provider.entitlements";
				CODE_SIGN_STYLE = Automatic;
				CURRENT_PROJECT_VERSION = 1;
				DEVELOPMENT_TEAM = 4UGU9PNWK8;
				GENERATE_INFOPLIST_FILE = YES;
				INFOPLIST_FILE = "Mee Credential Provider/Info.plist";
				INFOPLIST_KEY_CFBundleDisplayName = "Mee Credential Provider";
				INFOPLIST_KEY_NSHumanReadableCopyright = "";
				IPHONEOS_DEPLOYMENT_TARGET = 15.0;
				LD_RUNPATH_SEARCH_PATHS = (
					"$(inherited)",
					"@executable_path/Frameworks",
					"@executable_path/../../Frameworks",
				);
				MARKETING_VERSION = 0.1;
				PRODUCT_BUNDLE_IDENTIFIER = "org.getmee.ios-client.Extention";
				PRODUCT_NAME = "$(TARGET_NAME)";
				SDKROOT = iphoneos;
				SKIP_INSTALL = YES;
				SWIFT_EMIT_LOC_STRINGS = YES;
				SWIFT_VERSION = 5.0;
				TARGETED_DEVICE_FAMILY = "1,2";
			};
			name = Debug;
		};
		A5DB217B27F1B2260070B444 /* Release */ = {
			isa = XCBuildConfiguration;
			buildSettings = {
				ALWAYS_EMBED_SWIFT_STANDARD_LIBRARIES = YES;
				CODE_SIGN_ENTITLEMENTS = "Mee Credential Provider/Mee_Credential_Provider.entitlements";
				CODE_SIGN_STYLE = Automatic;
				CURRENT_PROJECT_VERSION = 1;
				DEVELOPMENT_TEAM = 4UGU9PNWK8;
				GENERATE_INFOPLIST_FILE = YES;
				INFOPLIST_FILE = "Mee Credential Provider/Info.plist";
				INFOPLIST_KEY_CFBundleDisplayName = "Mee Credential Provider";
				INFOPLIST_KEY_NSHumanReadableCopyright = "";
				IPHONEOS_DEPLOYMENT_TARGET = 15.0;
				LD_RUNPATH_SEARCH_PATHS = (
					"$(inherited)",
					"@executable_path/Frameworks",
					"@executable_path/../../Frameworks",
				);
				MARKETING_VERSION = 0.1;
				PRODUCT_BUNDLE_IDENTIFIER = "org.getmee.ios-client.Extention";
				PRODUCT_NAME = "$(TARGET_NAME)";
				SDKROOT = iphoneos;
				SKIP_INSTALL = YES;
				SWIFT_EMIT_LOC_STRINGS = YES;
				SWIFT_VERSION = 5.0;
				TARGETED_DEVICE_FAMILY = "1,2";
				VALIDATE_PRODUCT = YES;
			};
			name = Release;
		};
/* End XCBuildConfiguration section */

/* Begin XCConfigurationList section */
		946D2DDA27BB9A950055175C /* Build configuration list for PBXProject "mee-ios-client" */ = {
			isa = XCConfigurationList;
			buildConfigurations = (
				946D2E0A27BB9A960055175C /* Debug */,
				946D2E0B27BB9A960055175C /* Release */,
			);
			defaultConfigurationIsVisible = 0;
			defaultConfigurationName = Release;
		};
		946D2E0C27BB9A960055175C /* Build configuration list for PBXNativeTarget "mee-ios-client (iOS)" */ = {
			isa = XCConfigurationList;
			buildConfigurations = (
				946D2E0D27BB9A960055175C /* Debug */,
				946D2E0E27BB9A960055175C /* Release */,
			);
			defaultConfigurationIsVisible = 0;
			defaultConfigurationName = Release;
		};
		946D2E0F27BB9A960055175C /* Build configuration list for PBXNativeTarget "mee-ios-client (macOS)" */ = {
			isa = XCConfigurationList;
			buildConfigurations = (
				946D2E1027BB9A960055175C /* Debug */,
				946D2E1127BB9A960055175C /* Release */,
			);
			defaultConfigurationIsVisible = 0;
			defaultConfigurationName = Release;
		};
		946D2E1227BB9A960055175C /* Build configuration list for PBXNativeTarget "Tests iOS" */ = {
			isa = XCConfigurationList;
			buildConfigurations = (
				946D2E1327BB9A960055175C /* Debug */,
				946D2E1427BB9A960055175C /* Release */,
			);
			defaultConfigurationIsVisible = 0;
			defaultConfigurationName = Release;
		};
		946D2E1527BB9A960055175C /* Build configuration list for PBXNativeTarget "Tests macOS" */ = {
			isa = XCConfigurationList;
			buildConfigurations = (
				946D2E1627BB9A960055175C /* Debug */,
				946D2E1727BB9A960055175C /* Release */,
			);
			defaultConfigurationIsVisible = 0;
			defaultConfigurationName = Release;
		};
		948AD56127BF8E0A00A98D88 /* Build configuration list for PBXNativeTarget "Mee Safari Extension" */ = {
			isa = XCConfigurationList;
			buildConfigurations = (
				948AD55F27BF8E0A00A98D88 /* Debug */,
				948AD56027BF8E0A00A98D88 /* Release */,
			);
			defaultConfigurationIsVisible = 0;
			defaultConfigurationName = Release;
		};
		A5DB217927F1B2260070B444 /* Build configuration list for PBXNativeTarget "Mee Credential Provider" */ = {
			isa = XCConfigurationList;
			buildConfigurations = (
				A5DB217A27F1B2260070B444 /* Debug */,
				A5DB217B27F1B2260070B444 /* Release */,
			);
			defaultConfigurationIsVisible = 0;
			defaultConfigurationName = Release;
		};
/* End XCConfigurationList section */

/* Begin XCRemoteSwiftPackageReference section */
		A5DB214827E37C040070B444 /* XCRemoteSwiftPackageReference "KeychainAccess" */ = {
			isa = XCRemoteSwiftPackageReference;
			repositoryURL = "https://github.com/kishikawakatsumi/KeychainAccess.git";
			requirement = {
				branch = master;
				kind = branch;
			};
		};
/* End XCRemoteSwiftPackageReference section */

/* Begin XCSwiftPackageProductDependency section */
		A5DB214927E37C040070B444 /* KeychainAccess */ = {
			isa = XCSwiftPackageProductDependency;
			package = A5DB214827E37C040070B444 /* XCRemoteSwiftPackageReference "KeychainAccess" */;
			productName = KeychainAccess;
		};
		A5DB21D527F47EF20070B444 /* KeychainAccess */ = {
			isa = XCSwiftPackageProductDependency;
			package = A5DB214827E37C040070B444 /* XCRemoteSwiftPackageReference "KeychainAccess" */;
			productName = KeychainAccess;
		};
/* End XCSwiftPackageProductDependency section */
	};
	rootObject = 946D2DD727BB9A950055175C /* Project object */;
}
